<?xml version="1.0" encoding="utf-8"?>
<Project ToolsVersion="4.0" xmlns="http://schemas.microsoft.com/developer/msbuild/2003">
  <ItemGroup>
    <Filter Include="pb">
      <UniqueIdentifier>{dbe7505c-c190-438a-a9be-cbedb94f7eb8}</UniqueIdentifier>
    </Filter>
    <Filter Include="internal">
      <UniqueIdentifier>{f011722e-2749-40df-a8a0-8dc69e17839e}</UniqueIdentifier>
    </Filter>
    <Filter Include="internal\rpc">
      <UniqueIdentifier>{0d90d279-6461-4187-b57d-fd0766d874f8}</UniqueIdentifier>
    </Filter>
    <Filter Include="internal\nodes">
      <UniqueIdentifier>{60b00ba1-8650-44e8-a220-ad8f94ef952d}</UniqueIdentifier>
    </Filter>
    <Filter Include="internal\rpc\client">
      <UniqueIdentifier>{a65d91c0-0cbc-4334-b7a1-5eb9295dc45b}</UniqueIdentifier>
    </Filter>
    <Filter Include="internal\rpc\server">
      <UniqueIdentifier>{7b0e322c-35fb-4810-a82e-b4f0cc9c8448}</UniqueIdentifier>
    </Filter>
    <Filter Include="internal\clients">
      <UniqueIdentifier>{2ec38b62-5305-46a4-86d1-7bb5c83875a4}</UniqueIdentifier>
    </Filter>
    <Filter Include="public">
      <UniqueIdentifier>{4501c762-a772-440b-8637-7ea2579e0368}</UniqueIdentifier>
    </Filter>
    <Filter Include="public\Database">
      <UniqueIdentifier>{3b21c3aa-c575-4e3a-bb4c-22ce2e739baf}</UniqueIdentifier>
    </Filter>
  </ItemGroup>
  <ItemGroup>
    <ClInclude Include="..\..\..\proto\ProxyServer.Message.pb.h">
      <Filter>pb</Filter>
    </ClInclude>
    <ClInclude Include="..\..\..\proto\Game.Common.pb.h">
      <Filter>pb</Filter>
    </ClInclude>
    <ClInclude Include="..\..\..\Framework\game_gate\Gate.h" />
    <ClInclude Include="..\..\..\proto\GameServer.Message.pb.h">
      <Filter>pb</Filter>
    </ClInclude>
    <ClInclude Include="..\..\..\proto\HallServer.Message.pb.h">
      <Filter>pb</Filter>
    </ClInclude>
    <ClInclude Include="..\..\..\Framework\game_gate\rpc\server\RpcService.h">
      <Filter>internal\rpc\server</Filter>
    </ClInclude>
    <ClInclude Include="..\..\..\Framework\game_gate\rpc\client\RpcClients.h">
      <Filter>internal\rpc\client</Filter>
    </ClInclude>
    <ClInclude Include="..\..\..\Framework\game_gate\rpc\client\RpcContainer.h">
      <Filter>internal\rpc\client</Filter>
    </ClInclude>
    <ClInclude Include="..\..\..\Framework\game_gate\rpc\client\RpcService_c.h">
      <Filter>internal\rpc\client</Filter>
    </ClInclude>
    <ClInclude Include="..\..\..\Framework\game_gate\Entities.h" />
    <ClInclude Include="..\..\..\Framework\game_gate\EntryPtr.h" />
    <ClInclude Include="..\..\..\Framework\game_gate\clients\Clients.h">
      <Filter>internal\clients</Filter>
    </ClInclude>
    <ClInclude Include="..\..\..\Framework\game_gate\clients\Container.h">
      <Filter>internal\clients</Filter>
    </ClInclude>
    <ClInclude Include="..\..\..\proto\Game.Rpc.pb.h">
      <Filter>pb</Filter>
    </ClInclude>
    <ClInclude Include="..\..\..\public\errorCode.h">
      <Filter>public</Filter>
    </ClInclude>
    <ClInclude Include="..\..\..\public\gameConst.h">
      <Filter>public</Filter>
    </ClInclude>
    <ClInclude Include="..\..\..\public\Inc.h">
      <Filter>public</Filter>
    </ClInclude>
    <ClInclude Include="..\..\..\public\IncMuduo.h">
      <Filter>public</Filter>
    </ClInclude>
    <ClInclude Include="..\..\..\public\gameStruct.h">
      <Filter>public</Filter>
    </ClInclude>
    <ClInclude Include="..\..\..\public\mgoKeys.h">
      <Filter>public\Database</Filter>
    </ClInclude>
    <ClInclude Include="..\..\..\public\mgoModel.h">
      <Filter>public\Database</Filter>
    </ClInclude>
    <ClInclude Include="..\..\..\public\mgoOperation.h">
      <Filter>public\Database</Filter>
    </ClInclude>
    <ClInclude Include="..\..\..\public\redisKeys.h">
      <Filter>public\Database</Filter>
    </ClInclude>
    <ClInclude Include="..\..\..\proto\table.pb.h">
      <Filter>pb</Filter>
    </ClInclude>
    <ClInclude Include="..\..\..\proto\user.pb.h">
      <Filter>pb</Filter>
    </ClInclude>
  </ItemGroup>
  <ItemGroup>
    <ClCompile Include="..\..\..\Framework\game_gate\main.cc" />
    <ClCompile Include="..\..\..\proto\ProxyServer.Message.pb.cc">
      <Filter>pb</Filter>
    </ClCompile>
    <ClCompile Include="..\..\..\proto\Game.Common.pb.cc">
      <Filter>pb</Filter>
    </ClCompile>
    <ClCompile Include="..\..\..\Framework\game_gate\Gate.cc" />
    <ClCompile Include="..\..\..\proto\GameServer.Message.pb.cc">
      <Filter>pb</Filter>
    </ClCompile>
    <ClCompile Include="..\..\..\proto\HallServer.Message.pb.cc">
      <Filter>pb</Filter>
    </ClCompile>
    <ClCompile Include="..\..\..\Framework\game_gate\nodes\GameClient.cc">
      <Filter>internal\nodes</Filter>
    </ClCompile>
    <ClCompile Include="..\..\..\Framework\game_gate\nodes\HallClient.cc">
      <Filter>internal\nodes</Filter>
    </ClCompile>
    <ClCompile Include="..\..\..\Framework\game_gate\nodes\HttpServer.cc">
      <Filter>internal\nodes</Filter>
    </ClCompile>
    <ClCompile Include="..\..\..\Framework\game_gate\nodes\TcpServer.cc">
      <Filter>internal\nodes</Filter>
    </ClCompile>
    <ClCompile Include="..\..\..\Framework\game_gate\nodes\WsServer.cc">
      <Filter>internal\nodes</Filter>
    </ClCompile>
    <ClCompile Include="..\..\..\Framework\game_gate\rpc\server\RpcService.cc">
      <Filter>internal\rpc\server</Filter>
    </ClCompile>
    <ClCompile Include="..\..\..\Framework\game_gate\rpc\client\RpcClients.cc">
      <Filter>internal\rpc\client</Filter>
    </ClCompile>
    <ClCompile Include="..\..\..\Framework\game_gate\rpc\client\RpcContainer.cc">
      <Filter>internal\rpc\client</Filter>
    </ClCompile>
    <ClCompile Include="..\..\..\Framework\game_gate\rpc\client\RpcService_c.cc">
      <Filter>internal\rpc\client</Filter>
    </ClCompile>
    <ClCompile Include="..\..\..\Framework\game_gate\EntryPtr.cc" />
    <ClCompile Include="..\..\..\Framework\game_gate\clients\Clients.cc">
      <Filter>internal\clients</Filter>
    </ClCompile>
    <ClCompile Include="..\..\..\Framework\game_gate\clients\Container.cc">
      <Filter>internal\clients</Filter>
    </ClCompile>
    <ClCompile Include="..\..\..\Framework\game_gate\nodes\GateClient.cc">
      <Filter>internal\nodes</Filter>
    </ClCompile>
    <ClCompile Include="..\..\..\proto\Game.Rpc.pb.cc">
      <Filter>pb</Filter>
    </ClCompile>
    <ClCompile Include="..\..\..\public\mgoKeys.cc">
      <Filter>public\Database</Filter>
    </ClCompile>
    <ClCompile Include="..\..\..\public\mgoModel.cc">
      <Filter>public\Database</Filter>
    </ClCompile>
    <ClCompile Include="..\..\..\public\mgoOperation.cc">
      <Filter>public\Database</Filter>
    </ClCompile>
    <ClCompile Include="..\..\..\public\redisKeys.cc">
      <Filter>public\Database</Filter>
    </ClCompile>
    <ClCompile Include="..\..\..\proto\table.pb.cc">
      <Filter>pb</Filter>
    </ClCompile>
    <ClCompile Include="..\..\..\proto\user.pb.cc">
      <Filter>pb</Filter>
    </ClCompile>
  </ItemGroup>
</Project>