<?xml version="1.0" encoding="utf-8"?>
<Project ToolsVersion="4.0" xmlns="http://schemas.microsoft.com/developer/msbuild/2003">
  <ItemGroup>
    <Filter Include="pb">
      <UniqueIdentifier>{dbe7505c-c190-438a-a9be-cbedb94f7eb8}</UniqueIdentifier>
    </Filter>
    <Filter Include="public">
      <UniqueIdentifier>{8e236360-59d7-43b1-a05e-1976063b3920}</UniqueIdentifier>
    </Filter>
    <Filter Include="public\TraceMsg">
      <UniqueIdentifier>{47e97842-684e-4a9c-9bb7-f0c11c8b6fca}</UniqueIdentifier>
    </Filter>
    <Filter Include="public\zookeeperclient">
      <UniqueIdentifier>{c64d2080-d298-4824-836e-9df6c61b3c5c}</UniqueIdentifier>
    </Filter>
    <Filter Include="public\RedisClient">
      <UniqueIdentifier>{837ec515-8426-483e-b048-c0852e06dbf5}</UniqueIdentifier>
    </Filter>
    <Filter Include="nodes">
      <UniqueIdentifier>{60b00ba1-8650-44e8-a220-ad8f94ef952d}</UniqueIdentifier>
    </Filter>
    <Filter Include="public\RedisLock">
      <UniqueIdentifier>{771d1074-c44a-41e8-8c13-0334ce027cfc}</UniqueIdentifier>
    </Filter>
    <Filter Include="public\MongoDB">
      <UniqueIdentifier>{a3afe50a-15f2-4fef-b361-bb62af7cfec2}</UniqueIdentifier>
    </Filter>
    <Filter Include="public\codec">
      <UniqueIdentifier>{9968559f-9990-4841-9feb-b71c23640ebf}</UniqueIdentifier>
    </Filter>
    <Filter Include="Logger">
      <UniqueIdentifier>{384c178e-6f10-431b-a9cb-60b72e519eec}</UniqueIdentifier>
    </Filter>
  </ItemGroup>
  <ItemGroup>
    <ClInclude Include="..\..\..\public\RedisClient\RedisClient.h">
      <Filter>public\RedisClient</Filter>
    </ClInclude>
    <ClInclude Include="..\..\..\public\zookeeperclient\zookeeperclientutils.h">
      <Filter>public\zookeeperclient</Filter>
    </ClInclude>
    <ClInclude Include="..\..\..\public\zookeeperclient\zookeeperlocker.h">
      <Filter>public\zookeeperclient</Filter>
    </ClInclude>
    <ClInclude Include="..\..\..\public\zookeeperclient\zoo_lock.h">
      <Filter>public\zookeeperclient</Filter>
    </ClInclude>
    <ClInclude Include="..\..\..\public\zookeeperclient\zookeeperclient.h">
      <Filter>public\zookeeperclient</Filter>
    </ClInclude>
    <ClInclude Include="..\..\..\Framework\game_gate\Container.h" />
    <ClInclude Include="..\..\..\Framework\game_gate\Entities.h" />
    <ClInclude Include="..\..\..\public\ConsoleClr.h">
      <Filter>public</Filter>
    </ClInclude>
    <ClInclude Include="..\..\..\public\Env.h">
      <Filter>public</Filter>
    </ClInclude>
    <ClInclude Include="..\..\..\public\NetCardIP.h">
      <Filter>public</Filter>
    </ClInclude>
    <ClInclude Include="..\..\..\public\Packet.h">
      <Filter>public</Filter>
    </ClInclude>
    <ClInclude Include="..\..\..\public\StdRandom.h">
      <Filter>public</Filter>
    </ClInclude>
    <ClInclude Include="..\..\..\public\SubNetIP.h">
      <Filter>public</Filter>
    </ClInclude>
    <ClInclude Include="..\..\..\public\MongoDB\MongoDBClient.h">
      <Filter>public\MongoDB</Filter>
    </ClInclude>
    <ClInclude Include="..\..\..\public\codec\htmlcodec.h">
      <Filter>public\codec</Filter>
    </ClInclude>
    <ClInclude Include="..\..\..\public\codec\mymd5.h">
      <Filter>public\codec</Filter>
    </ClInclude>
    <ClInclude Include="..\..\..\public\codec\urlcodec.h">
      <Filter>public\codec</Filter>
    </ClInclude>
    <ClInclude Include="..\..\..\public\codec\aes.h">
      <Filter>public\codec</Filter>
    </ClInclude>
    <ClInclude Include="..\..\..\public\codec\base64.h">
      <Filter>public\codec</Filter>
    </ClInclude>
    <ClInclude Include="..\..\..\public\TraceMsg\TraceMsg.h">
      <Filter>public\TraceMsg</Filter>
    </ClInclude>
    <ClInclude Include="..\..\..\public\Utils.h">
      <Filter>public</Filter>
    </ClInclude>
    <ClInclude Include="..\..\..\proto\GameServer.Message.pb.h">
      <Filter>pb</Filter>
    </ClInclude>
    <ClInclude Include="..\..\..\proto\HallServer.Message.pb.h">
      <Filter>pb</Filter>
    </ClInclude>
    <ClInclude Include="..\..\..\proto\MatchServer.Message.pb.h">
      <Filter>pb</Filter>
    </ClInclude>
    <ClInclude Include="..\..\..\proto\ProxyServer.Message.pb.h">
      <Filter>pb</Filter>
    </ClInclude>
    <ClInclude Include="..\..\..\proto\Game.Common.pb.h">
      <Filter>pb</Filter>
    </ClInclude>
    <ClInclude Include="..\..\..\public\RedisLock\redlock.h">
      <Filter>public\RedisLock</Filter>
    </ClInclude>
    <ClInclude Include="..\..\..\public\IPFinder.h">
      <Filter>public</Filter>
    </ClInclude>
    <ClInclude Include="..\..\..\Framework\game_gate\EntryPtr.h" />
    <ClInclude Include="..\..\..\Framework\game_gate\Clients.h" />
    <ClInclude Include="..\..\..\public\Inc.h">
      <Filter>public</Filter>
    </ClInclude>
    <ClInclude Include="..\..\..\Framework\game_gate\Gateway.h">
      <Filter>nodes</Filter>
    </ClInclude>
    <ClInclude Include="..\..\..\thirdpart\Logger\src\Macro.h">
      <Filter>Logger</Filter>
    </ClInclude>
    <ClInclude Include="..\..\..\thirdpart\Logger\src\log\Logger.h">
      <Filter>Logger</Filter>
    </ClInclude>
    <ClInclude Include="..\..\..\thirdpart\Logger\src\utils\utils.h">
      <Filter>Logger</Filter>
    </ClInclude>
    <ClInclude Include="..\..\..\thirdpart\Logger\src\log\impl\color_linux.h">
      <Filter>Logger</Filter>
    </ClInclude>
  </ItemGroup>
  <ItemGroup>
    <ClCompile Include="..\..\..\public\RedisClient\RedisClient.cpp">
      <Filter>public\RedisClient</Filter>
    </ClCompile>
    <ClCompile Include="..\..\..\public\zookeeperclient\zookeeperlocker.cpp">
      <Filter>public\zookeeperclient</Filter>
    </ClCompile>
    <ClCompile Include="..\..\..\public\zookeeperclient\zoo_lock.cc">
      <Filter>public\zookeeperclient</Filter>
    </ClCompile>
    <ClCompile Include="..\..\..\public\zookeeperclient\zookeeperclient.cpp">
      <Filter>public\zookeeperclient</Filter>
    </ClCompile>
    <ClCompile Include="..\..\..\public\zookeeperclient\zookeeperclientutils.cpp">
      <Filter>public\zookeeperclient</Filter>
    </ClCompile>
    <ClCompile Include="..\..\..\Framework\game_gate\Container.cc" />
    <ClCompile Include="..\..\..\Framework\game_gate\main.cc" />
    <ClCompile Include="..\..\..\public\Packet.cc">
      <Filter>public</Filter>
    </ClCompile>
    <ClCompile Include="..\..\..\Framework\game_gate\HallClient.cc">
      <Filter>nodes</Filter>
    </ClCompile>
    <ClCompile Include="..\..\..\Framework\game_gate\HttpServer.cc">
      <Filter>nodes</Filter>
    </ClCompile>
    <ClCompile Include="..\..\..\Framework\game_gate\InnServer.cc">
      <Filter>nodes</Filter>
    </ClCompile>
    <ClCompile Include="..\..\..\Framework\game_gate\GameClient.cc">
      <Filter>nodes</Filter>
    </ClCompile>
    <ClCompile Include="..\..\..\Framework\game_gate\WsServer.cc">
      <Filter>nodes</Filter>
    </ClCompile>
    <ClCompile Include="..\..\..\public\MongoDB\MongoDBClient.cpp">
      <Filter>public\MongoDB</Filter>
    </ClCompile>
    <ClCompile Include="..\..\..\public\codec\mymd5.cpp">
      <Filter>public\codec</Filter>
    </ClCompile>
    <ClCompile Include="..\..\..\public\codec\urlcodec.cpp">
      <Filter>public\codec</Filter>
    </ClCompile>
    <ClCompile Include="..\..\..\public\codec\base64.cpp">
      <Filter>public\codec</Filter>
    </ClCompile>
    <ClCompile Include="..\..\..\public\TraceMsg\TraceMsg.cc">
      <Filter>public\TraceMsg</Filter>
    </ClCompile>
    <ClCompile Include="..\..\..\proto\GameServer.Message.pb.cc">
      <Filter>pb</Filter>
    </ClCompile>
    <ClCompile Include="..\..\..\proto\HallServer.Message.pb.cc">
      <Filter>pb</Filter>
    </ClCompile>
    <ClCompile Include="..\..\..\proto\MatchServer.Message.pb.cc">
      <Filter>pb</Filter>
    </ClCompile>
    <ClCompile Include="..\..\..\proto\ProxyServer.Message.pb.cc">
      <Filter>pb</Filter>
    </ClCompile>
    <ClCompile Include="..\..\..\proto\Game.Common.pb.cc">
      <Filter>pb</Filter>
    </ClCompile>
    <ClCompile Include="..\..\..\public\RedisLock\redlock.cpp">
      <Filter>public\RedisLock</Filter>
    </ClCompile>
    <ClCompile Include="..\..\..\public\IPFinder.cpp">
      <Filter>public</Filter>
    </ClCompile>
    <ClCompile Include="..\..\..\Framework\game_gate\EntryPtr.cc" />
    <ClCompile Include="..\..\..\Framework\game_gate\Clients.cc" />
    <ClCompile Include="..\..\..\Framework\game_gate\Gateway.cc">
      <Filter>nodes</Filter>
    </ClCompile>
  </ItemGroup>
</Project>