<?xml version="1.0" encoding="utf-8"?>
<Project ToolsVersion="4.0" xmlns="http://schemas.microsoft.com/developer/msbuild/2003">
  <ItemGroup>
    <Filter Include="pb">
      <UniqueIdentifier>{dbe7505c-c190-438a-a9be-cbedb94f7eb8}</UniqueIdentifier>
    </Filter>
    <Filter Include="interface">
      <UniqueIdentifier>{1d43fb25-9920-4ff6-b4e7-054f9ffd4648}</UniqueIdentifier>
    </Filter>
    <Filter Include="template">
      <UniqueIdentifier>{f0b1c67c-af0e-4d21-bd6c-823c70c01894}</UniqueIdentifier>
    </Filter>
    <Filter Include="template\robot">
      <UniqueIdentifier>{901921ba-1234-4bf9-b85f-18babe32080a}</UniqueIdentifier>
    </Filter>
    <Filter Include="template\desk">
      <UniqueIdentifier>{91873016-7d79-478a-9d9c-f75c4b46fb85}</UniqueIdentifier>
    </Filter>
    <Filter Include="template\player">
      <UniqueIdentifier>{b65dfea1-21a9-41d6-bbe4-cef21f9394ee}</UniqueIdentifier>
    </Filter>
  </ItemGroup>
  <ItemGroup>
    <ClInclude Include="..\..\..\proto\HallServer.Message.pb.h">
      <Filter>pb</Filter>
    </ClInclude>
    <ClInclude Include="..\..\..\proto\Game.Common.pb.h">
      <Filter>pb</Filter>
    </ClInclude>
    <ClInclude Include="..\..\..\Framework\game_serv_rc\Game.h" />
    <ClInclude Include="..\..\..\Framework\game_serv_rc\IDeskDelegate.h">
      <Filter>interface</Filter>
    </ClInclude>
    <ClInclude Include="..\..\..\Framework\game_serv_rc\IPlayer.h">
      <Filter>interface</Filter>
    </ClInclude>
    <ClInclude Include="..\..\..\Framework\game_serv_rc\IReplayRecord.h">
      <Filter>interface</Filter>
    </ClInclude>
    <ClInclude Include="..\..\..\Framework\game_serv_rc\IRobotDelegate.h">
      <Filter>interface</Filter>
    </ClInclude>
    <ClInclude Include="..\..\..\Framework\game_serv_rc\IDesk.h">
      <Filter>interface</Filter>
    </ClInclude>
    <ClInclude Include="..\..\..\Framework\game_serv_rc\Desk.h">
      <Filter>template</Filter>
    </ClInclude>
    <ClInclude Include="..\..\..\Framework\game_serv_rc\DeskMgr.h">
      <Filter>template\desk</Filter>
    </ClInclude>
    <ClInclude Include="..\..\..\Framework\game_serv_rc\RobotMgr.h">
      <Filter>template\robot</Filter>
    </ClInclude>
    <ClInclude Include="..\..\..\Framework\game_serv_rc\Robot.h">
      <Filter>template\robot</Filter>
    </ClInclude>
    <ClInclude Include="..\..\..\Framework\game_serv_rc\PlayerMgr.h">
      <Filter>template\player</Filter>
    </ClInclude>
    <ClInclude Include="..\..\..\Framework\game_serv_rc\Player.h">
      <Filter>template\player</Filter>
    </ClInclude>
    <ClInclude Include="..\..\..\Framework\game_serv_rc\Entities.h" />
    <ClInclude Include="..\..\..\proto\GameServer.Message.pb.h">
      <Filter>pb</Filter>
    </ClInclude>
  </ItemGroup>
  <ItemGroup>
    <ClCompile Include="..\..\..\proto\HallServer.Message.pb.cc">
      <Filter>pb</Filter>
    </ClCompile>
    <ClCompile Include="..\..\..\proto\Game.Common.pb.cc">
      <Filter>pb</Filter>
    </ClCompile>
    <ClCompile Include="..\..\..\Framework\game_serv_rc\Game.cc" />
    <ClCompile Include="..\..\..\Framework\game_serv_rc\main.cc" />
    <ClCompile Include="..\..\..\Framework\game_serv_rc\Desk.cc">
      <Filter>template</Filter>
    </ClCompile>
    <ClCompile Include="..\..\..\Framework\game_serv_rc\DeskMgr.cc">
      <Filter>template\desk</Filter>
    </ClCompile>
    <ClCompile Include="..\..\..\Framework\game_serv_rc\RobotMgr.cc">
      <Filter>template\robot</Filter>
    </ClCompile>
    <ClCompile Include="..\..\..\Framework\game_serv_rc\Robot.cc">
      <Filter>template\robot</Filter>
    </ClCompile>
    <ClCompile Include="..\..\..\Framework\game_serv_rc\PlayerMgr.cc">
      <Filter>template\player</Filter>
    </ClCompile>
    <ClCompile Include="..\..\..\Framework\game_serv_rc\Player.cc">
      <Filter>template\player</Filter>
    </ClCompile>
    <ClCompile Include="..\..\..\proto\GameServer.Message.pb.cc">
      <Filter>pb</Filter>
    </ClCompile>
  </ItemGroup>
</Project>