<?xml version="1.0" encoding="utf-8"?>
<Project ToolsVersion="4.0" xmlns="http://schemas.microsoft.com/developer/msbuild/2003">
  <ItemGroup>
    <Filter Include="Logger">
      <UniqueIdentifier>{384c178e-6f10-431b-a9cb-60b72e519eec}</UniqueIdentifier>
    </Filter>
  </ItemGroup>
  <ItemGroup>
    <ClInclude Include="..\..\..\thirdpart\Logger\src\Macro.h">
      <Filter>Logger</Filter>
    </ClInclude>
    <ClInclude Include="..\..\..\thirdpart\Logger\src\log\Logger.h">
      <Filter>Logger</Filter>
    </ClInclude>
    <ClInclude Include="..\..\..\thirdpart\Logger\src\utils\utils.h">
      <Filter>Logger</Filter>
    </ClInclude>
    <ClInclude Include="Inc.h" />
  </ItemGroup>
  <ItemGroup>
    <ClCompile Include="main.cpp" />
  </ItemGroup>
</Project>