<?xml version="1.0" encoding="utf-8"?>
<Project ToolsVersion="4.0" xmlns="http://schemas.microsoft.com/developer/msbuild/2003">
  <ItemGroup>
    <Filter Include="pb">
      <UniqueIdentifier>{dbe7505c-c190-438a-a9be-cbedb94f7eb8}</UniqueIdentifier>
    </Filter>
    <Filter Include="interface">
      <UniqueIdentifier>{ec31083d-6831-4e65-8e52-b7d975d7a1e9}</UniqueIdentifier>
    </Filter>
    <Filter Include="interface\impl">
      <UniqueIdentifier>{ca1a4402-4fe7-49b0-8450-ddf67bdb41b0}</UniqueIdentifier>
    </Filter>
    <Filter Include="rpc">
      <UniqueIdentifier>{a7c18f6a-9b0e-4122-ac73-1f12fd640dbf}</UniqueIdentifier>
    </Filter>
    <Filter Include="rpc\client">
      <UniqueIdentifier>{b7065f12-17c6-4647-a830-2d78591819d0}</UniqueIdentifier>
    </Filter>
    <Filter Include="rpc\server">
      <UniqueIdentifier>{11db2f76-6ada-4db7-b00b-485b416bac60}</UniqueIdentifier>
    </Filter>
    <Filter Include="public">
      <UniqueIdentifier>{0b5ac349-81a8-4742-9f47-d9ffc80a0e86}</UniqueIdentifier>
    </Filter>
    <Filter Include="public\RedisClient">
      <UniqueIdentifier>{4a8f5366-8754-475c-a941-bc42d2d46d6a}</UniqueIdentifier>
    </Filter>
    <Filter Include="public\Database">
      <UniqueIdentifier>{07179ebb-a7d2-4726-94df-6d52ca5176a0}</UniqueIdentifier>
    </Filter>
  </ItemGroup>
  <ItemGroup>
    <ClInclude Include="..\..\..\proto\Game.Common.pb.h">
      <Filter>pb</Filter>
    </ClInclude>
    <ClInclude Include="..\..\..\proto\GameServer.Message.pb.h">
      <Filter>pb</Filter>
    </ClInclude>
    <ClInclude Include="..\..\..\Framework\game_serv\interface\IPlayer.h">
      <Filter>interface</Filter>
    </ClInclude>
    <ClInclude Include="..\..\..\Framework\game_serv\interface\IReplayRecord.h">
      <Filter>interface</Filter>
    </ClInclude>
    <ClInclude Include="..\..\..\Framework\game_serv\interface\IRobotDelegate.h">
      <Filter>interface</Filter>
    </ClInclude>
    <ClInclude Include="..\..\..\Framework\game_serv\interface\ITable.h">
      <Filter>interface</Filter>
    </ClInclude>
    <ClInclude Include="..\..\..\Framework\game_serv\interface\ITableDelegate.h">
      <Filter>interface</Filter>
    </ClInclude>
    <ClInclude Include="..\..\..\Framework\game_serv\interface\impl\Table.h">
      <Filter>interface\impl</Filter>
    </ClInclude>
    <ClInclude Include="..\..\..\Framework\game_serv\interface\impl\TableMgr.h">
      <Filter>interface\impl</Filter>
    </ClInclude>
    <ClInclude Include="..\..\..\Framework\game_serv\interface\impl\Player.h">
      <Filter>interface\impl</Filter>
    </ClInclude>
    <ClInclude Include="..\..\..\Framework\game_serv\interface\impl\PlayerMgr.h">
      <Filter>interface\impl</Filter>
    </ClInclude>
    <ClInclude Include="..\..\..\Framework\game_serv\interface\impl\Robot.h">
      <Filter>interface\impl</Filter>
    </ClInclude>
    <ClInclude Include="..\..\..\Framework\game_serv\interface\impl\RobotMgr.h">
      <Filter>interface\impl</Filter>
    </ClInclude>
    <ClInclude Include="..\..\..\Framework\game_serv\Game.h" />
    <ClInclude Include="..\..\..\Framework\game_serv\interface\ITableContext.h">
      <Filter>interface</Filter>
    </ClInclude>
    <ClInclude Include="..\..\..\proto\HallServer.Message.pb.h">
      <Filter>pb</Filter>
    </ClInclude>
    <ClInclude Include="..\..\..\Framework\game_serv\rpc\server\RpcService.h">
      <Filter>rpc\server</Filter>
    </ClInclude>
    <ClInclude Include="..\..\..\proto\Game.Rpc.pb.h">
      <Filter>pb</Filter>
    </ClInclude>
    <ClInclude Include="..\..\..\public\errorCode.h">
      <Filter>public</Filter>
    </ClInclude>
    <ClInclude Include="..\..\..\public\gameConst.h">
      <Filter>public</Filter>
    </ClInclude>
    <ClInclude Include="..\..\..\public\Inc.h">
      <Filter>public</Filter>
    </ClInclude>
    <ClInclude Include="..\..\..\public\IncMuduo.h">
      <Filter>public</Filter>
    </ClInclude>
    <ClInclude Include="..\..\..\public\IPFinder.h">
      <Filter>public</Filter>
    </ClInclude>
    <ClInclude Include="..\..\..\public\Packet.h">
      <Filter>public</Filter>
    </ClInclude>
    <ClInclude Include="..\..\..\public\gameStruct.h">
      <Filter>public</Filter>
    </ClInclude>
    <ClInclude Include="..\..\..\public\response.h">
      <Filter>public</Filter>
    </ClInclude>
    <ClInclude Include="..\..\..\public\RedisClient\RedisClient.h">
      <Filter>public\RedisClient</Filter>
    </ClInclude>
    <ClInclude Include="..\..\..\public\mgoKeys.h">
      <Filter>public\Database</Filter>
    </ClInclude>
    <ClInclude Include="..\..\..\public\mgoModel.h">
      <Filter>public\Database</Filter>
    </ClInclude>
    <ClInclude Include="..\..\..\public\mgoOperation.h">
      <Filter>public\Database</Filter>
    </ClInclude>
    <ClInclude Include="..\..\..\public\redisKeys.h">
      <Filter>public\Database</Filter>
    </ClInclude>
    <ClInclude Include="..\..\..\proto\table.pb.h">
      <Filter>pb</Filter>
    </ClInclude>
    <ClInclude Include="..\..\..\proto\user.pb.h">
      <Filter>pb</Filter>
    </ClInclude>
    <ClInclude Include="..\..\..\Framework\game_serv\interface\impl\TableThread.h">
      <Filter>interface\impl</Filter>
    </ClInclude>
  </ItemGroup>
  <ItemGroup>
    <ClCompile Include="..\..\..\proto\Game.Common.pb.cc">
      <Filter>pb</Filter>
    </ClCompile>
    <ClCompile Include="..\..\..\proto\GameServer.Message.pb.cc">
      <Filter>pb</Filter>
    </ClCompile>
    <ClCompile Include="..\..\..\Framework\game_serv\interface\impl\TableMgr.cc">
      <Filter>interface\impl</Filter>
    </ClCompile>
    <ClCompile Include="..\..\..\Framework\game_serv\interface\impl\Player.cc">
      <Filter>interface\impl</Filter>
    </ClCompile>
    <ClCompile Include="..\..\..\Framework\game_serv\interface\impl\PlayerMgr.cc">
      <Filter>interface\impl</Filter>
    </ClCompile>
    <ClCompile Include="..\..\..\Framework\game_serv\interface\impl\Robot.cc">
      <Filter>interface\impl</Filter>
    </ClCompile>
    <ClCompile Include="..\..\..\Framework\game_serv\interface\impl\RobotMgr.cc">
      <Filter>interface\impl</Filter>
    </ClCompile>
    <ClCompile Include="..\..\..\Framework\game_serv\interface\impl\Table.cc">
      <Filter>interface\impl</Filter>
    </ClCompile>
    <ClCompile Include="..\..\..\Framework\game_serv\main.cc" />
    <ClCompile Include="..\..\..\Framework\game_serv\Game.cc" />
    <ClCompile Include="..\..\..\proto\HallServer.Message.pb.cc">
      <Filter>pb</Filter>
    </ClCompile>
    <ClCompile Include="..\..\..\Framework\game_serv\rpc\server\RpcService.cc">
      <Filter>rpc\server</Filter>
    </ClCompile>
    <ClCompile Include="..\..\..\proto\Game.Rpc.pb.cc">
      <Filter>pb</Filter>
    </ClCompile>
    <ClCompile Include="..\..\..\public\IPFinder.cpp">
      <Filter>public</Filter>
    </ClCompile>
    <ClCompile Include="..\..\..\public\Packet.cc">
      <Filter>public</Filter>
    </ClCompile>
    <ClCompile Include="..\..\..\public\response.cc">
      <Filter>public</Filter>
    </ClCompile>
    <ClCompile Include="..\..\..\public\RedisClient\RedisClient.cpp">
      <Filter>public\RedisClient</Filter>
    </ClCompile>
    <ClCompile Include="..\..\..\public\mgoKeys.cc">
      <Filter>public\Database</Filter>
    </ClCompile>
    <ClCompile Include="..\..\..\public\mgoModel.cc">
      <Filter>public\Database</Filter>
    </ClCompile>
    <ClCompile Include="..\..\..\public\mgoOperation.cc">
      <Filter>public\Database</Filter>
    </ClCompile>
    <ClCompile Include="..\..\..\public\redisKeys.cc">
      <Filter>public\Database</Filter>
    </ClCompile>
    <ClCompile Include="..\..\..\proto\table.pb.cc">
      <Filter>pb</Filter>
    </ClCompile>
    <ClCompile Include="..\..\..\proto\user.pb.cc">
      <Filter>pb</Filter>
    </ClCompile>
    <ClCompile Include="..\..\..\Framework\game_serv\interface\impl\TableThread.cc">
      <Filter>interface\impl</Filter>
    </ClCompile>
  </ItemGroup>
</Project>