<?xml version="1.0" encoding="utf-8"?>
<Project ToolsVersion="4.0" xmlns="http://schemas.microsoft.com/developer/msbuild/2003">
  <ItemGroup>
    <Filter Include="pb">
      <UniqueIdentifier>{dbe7505c-c190-438a-a9be-cbedb94f7eb8}</UniqueIdentifier>
    </Filter>
    <Filter Include="internal">
      <UniqueIdentifier>{01b551a3-569e-494c-91a2-493d80b5668b}</UniqueIdentifier>
    </Filter>
    <Filter Include="internal\nodes">
      <UniqueIdentifier>{60b00ba1-8650-44e8-a220-ad8f94ef952d}</UniqueIdentifier>
    </Filter>
    <Filter Include="handler">
      <UniqueIdentifier>{94a44213-2fdc-4977-9e85-c11b159a60bb}</UniqueIdentifier>
    </Filter>
    <Filter Include="internal\clients">
      <UniqueIdentifier>{3a12c30d-7f43-4c1a-881c-0740be4670b7}</UniqueIdentifier>
    </Filter>
    <Filter Include="internal\rpc">
      <UniqueIdentifier>{0e53adf3-b28f-4b5c-b631-e5caa8bfe059}</UniqueIdentifier>
    </Filter>
    <Filter Include="internal\rpc\client">
      <UniqueIdentifier>{5124e56c-333b-4c9a-91f3-3447c6fb6260}</UniqueIdentifier>
    </Filter>
    <Filter Include="internal\rpc\server">
      <UniqueIdentifier>{079d3f19-9baf-47e1-afdb-c0192239bba3}</UniqueIdentifier>
    </Filter>
    <Filter Include="public">
      <UniqueIdentifier>{67a2a407-64a9-4d5f-ac1c-806200aa8d03}</UniqueIdentifier>
    </Filter>
    <Filter Include="public\RedisClient">
      <UniqueIdentifier>{1b545192-a344-48a1-8f7d-099145597115}</UniqueIdentifier>
    </Filter>
    <Filter Include="public\Database">
      <UniqueIdentifier>{d85a79a9-3a69-4fc5-9a27-f4da9b8d630e}</UniqueIdentifier>
    </Filter>
  </ItemGroup>
  <ItemGroup>
    <ClInclude Include="..\..\..\proto\Game.Common.pb.h">
      <Filter>pb</Filter>
    </ClInclude>
    <ClInclude Include="..\..\..\Framework\game_login\Login.h" />
    <ClInclude Include="..\..\..\Framework\game_login\handler\ServList.h">
      <Filter>handler</Filter>
    </ClInclude>
    <ClInclude Include="..\..\..\Framework\game_login\handler\Login_handler.h">
      <Filter>handler</Filter>
    </ClInclude>
    <ClInclude Include="..\..\..\Framework\game_login\handler\Register_handler.h">
      <Filter>handler</Filter>
    </ClInclude>
    <ClInclude Include="..\..\..\Framework\game_gate\clients\Clients.h">
      <Filter>internal\clients</Filter>
    </ClInclude>
    <ClInclude Include="..\..\..\Framework\game_gate\clients\Container.h">
      <Filter>internal\clients</Filter>
    </ClInclude>
    <ClInclude Include="..\..\..\Framework\game_login\rpc\client\RpcClients.h">
      <Filter>internal\rpc\client</Filter>
    </ClInclude>
    <ClInclude Include="..\..\..\Framework\game_login\rpc\client\RpcContainer.h">
      <Filter>internal\rpc\client</Filter>
    </ClInclude>
    <ClInclude Include="..\..\..\Framework\game_login\rpc\client\RpcService_c.h">
      <Filter>internal\rpc\client</Filter>
    </ClInclude>
    <ClInclude Include="..\..\..\Framework\game_gate\Entities.h" />
    <ClInclude Include="..\..\..\Framework\game_gate\EntryPtr.h" />
    <ClInclude Include="..\..\..\proto\Game.Rpc.pb.h">
      <Filter>pb</Filter>
    </ClInclude>
    <ClInclude Include="..\..\..\Framework\game_login\rpc\server\RpcService.h">
      <Filter>internal\rpc\server</Filter>
    </ClInclude>
    <ClInclude Include="..\..\..\proto\HallServer.Message.pb.h">
      <Filter>pb</Filter>
    </ClInclude>
    <ClInclude Include="..\..\..\public\errorCode.h">
      <Filter>public</Filter>
    </ClInclude>
    <ClInclude Include="..\..\..\public\gameConst.h">
      <Filter>public</Filter>
    </ClInclude>
    <ClInclude Include="..\..\..\public\Inc.h">
      <Filter>public</Filter>
    </ClInclude>
    <ClInclude Include="..\..\..\public\IncMuduo.h">
      <Filter>public</Filter>
    </ClInclude>
    <ClInclude Include="..\..\..\public\IPFinder.h">
      <Filter>public</Filter>
    </ClInclude>
    <ClInclude Include="..\..\..\public\gameStruct.h">
      <Filter>public</Filter>
    </ClInclude>
    <ClInclude Include="..\..\..\public\RedisClient\RedisClient.h">
      <Filter>public\RedisClient</Filter>
    </ClInclude>
    <ClInclude Include="..\..\..\public\mgoKeys.h">
      <Filter>public\Database</Filter>
    </ClInclude>
    <ClInclude Include="..\..\..\public\mgoModel.h">
      <Filter>public\Database</Filter>
    </ClInclude>
    <ClInclude Include="..\..\..\public\mgoOperation.h">
      <Filter>public\Database</Filter>
    </ClInclude>
    <ClInclude Include="..\..\..\public\redisKeys.h">
      <Filter>public\Database</Filter>
    </ClInclude>
    <ClInclude Include="..\..\..\proto\table.pb.h">
      <Filter>pb</Filter>
    </ClInclude>
    <ClInclude Include="..\..\..\proto\user.pb.h">
      <Filter>pb</Filter>
    </ClInclude>
  </ItemGroup>
  <ItemGroup>
    <ClCompile Include="..\..\..\proto\Game.Common.pb.cc">
      <Filter>pb</Filter>
    </ClCompile>
    <ClCompile Include="..\..\..\Framework\game_login\Login.cc" />
    <ClCompile Include="..\..\..\Framework\game_login\main.cc" />
    <ClCompile Include="..\..\..\Framework\game_login\handler\ServList.cc">
      <Filter>handler</Filter>
    </ClCompile>
    <ClCompile Include="..\..\..\Framework\game_login\handler\Login_handler.cc">
      <Filter>handler</Filter>
    </ClCompile>
    <ClCompile Include="..\..\..\Framework\game_login\handler\Register_handler.cc">
      <Filter>handler</Filter>
    </ClCompile>
    <ClCompile Include="..\..\..\Framework\game_login\nodes\HttpServer.cc">
      <Filter>internal\nodes</Filter>
    </ClCompile>
    <ClCompile Include="..\..\..\Framework\game_login\nodes\WsServer.cc">
      <Filter>internal\nodes</Filter>
    </ClCompile>
    <ClCompile Include="..\..\..\Framework\game_gate\clients\Clients.cc">
      <Filter>internal\clients</Filter>
    </ClCompile>
    <ClCompile Include="..\..\..\Framework\game_gate\clients\Container.cc">
      <Filter>internal\clients</Filter>
    </ClCompile>
    <ClCompile Include="..\..\..\Framework\game_login\rpc\client\RpcClients.cc">
      <Filter>internal\rpc\client</Filter>
    </ClCompile>
    <ClCompile Include="..\..\..\Framework\game_login\rpc\client\RpcContainer.cc">
      <Filter>internal\rpc\client</Filter>
    </ClCompile>
    <ClCompile Include="..\..\..\Framework\game_login\rpc\client\RpcService_c.cc">
      <Filter>internal\rpc\client</Filter>
    </ClCompile>
    <ClCompile Include="..\..\..\Framework\game_gate\EntryPtr.cc" />
    <ClCompile Include="..\..\..\proto\Game.Rpc.pb.cc">
      <Filter>pb</Filter>
    </ClCompile>
    <ClCompile Include="..\..\..\Framework\game_login\rpc\server\RpcService.cc">
      <Filter>internal\rpc\server</Filter>
    </ClCompile>
    <ClCompile Include="..\..\..\proto\HallServer.Message.pb.cc">
      <Filter>pb</Filter>
    </ClCompile>
    <ClCompile Include="..\..\..\public\IPFinder.cpp">
      <Filter>public</Filter>
    </ClCompile>
    <ClCompile Include="..\..\..\public\RedisClient\RedisClient.cpp">
      <Filter>public\RedisClient</Filter>
    </ClCompile>
    <ClCompile Include="..\..\..\public\mgoKeys.cc">
      <Filter>public\Database</Filter>
    </ClCompile>
    <ClCompile Include="..\..\..\public\mgoModel.cc">
      <Filter>public\Database</Filter>
    </ClCompile>
    <ClCompile Include="..\..\..\public\mgoOperation.cc">
      <Filter>public\Database</Filter>
    </ClCompile>
    <ClCompile Include="..\..\..\public\redisKeys.cc">
      <Filter>public\Database</Filter>
    </ClCompile>
    <ClCompile Include="..\..\..\proto\table.pb.cc">
      <Filter>pb</Filter>
    </ClCompile>
    <ClCompile Include="..\..\..\proto\user.pb.cc">
      <Filter>pb</Filter>
    </ClCompile>
  </ItemGroup>
</Project>