<?xml version="1.0" encoding="utf-8"?>
<Project ToolsVersion="4.0" xmlns="http://schemas.microsoft.com/developer/msbuild/2003">
  <ItemGroup>
    <Filter Include="pb">
      <UniqueIdentifier>{dbe7505c-c190-438a-a9be-cbedb94f7eb8}</UniqueIdentifier>
    </Filter>
    <Filter Include="internal">
      <UniqueIdentifier>{01b551a3-569e-494c-91a2-493d80b5668b}</UniqueIdentifier>
    </Filter>
    <Filter Include="internal\nodes">
      <UniqueIdentifier>{60b00ba1-8650-44e8-a220-ad8f94ef952d}</UniqueIdentifier>
    </Filter>
    <Filter Include="handler">
      <UniqueIdentifier>{94a44213-2fdc-4977-9e85-c11b159a60bb}</UniqueIdentifier>
    </Filter>
    <Filter Include="internal\clients">
      <UniqueIdentifier>{06760b74-e6a7-4935-a05c-1f586419bd71}</UniqueIdentifier>
    </Filter>
    <Filter Include="internal\rpc">
      <UniqueIdentifier>{a5783167-ee31-40b1-8529-68ef11d6901c}</UniqueIdentifier>
    </Filter>
    <Filter Include="internal\rpc\client">
      <UniqueIdentifier>{43396a2c-6197-4e80-a8b3-8ffb877f9c3f}</UniqueIdentifier>
    </Filter>
    <Filter Include="internal\rpc\server">
      <UniqueIdentifier>{b9c886a1-78e4-41a5-93a9-17367c3a420c}</UniqueIdentifier>
    </Filter>
    <Filter Include="public">
      <UniqueIdentifier>{738fe4ff-54fb-42e4-8309-2a98289ff47e}</UniqueIdentifier>
    </Filter>
    <Filter Include="public\RedisClient">
      <UniqueIdentifier>{be189e5b-9e8e-4e97-a2d6-5b4963cd1429}</UniqueIdentifier>
    </Filter>
    <Filter Include="public\Database">
      <UniqueIdentifier>{2b8cf204-a843-413d-aad5-63233b586eef}</UniqueIdentifier>
    </Filter>
  </ItemGroup>
  <ItemGroup>
    <ClInclude Include="..\..\..\proto\Game.Common.pb.h">
      <Filter>pb</Filter>
    </ClInclude>
    <ClInclude Include="..\..\..\Framework\game_api\Api.h" />
    <ClInclude Include="..\..\..\Framework\game_api\handler\ServList.h">
      <Filter>handler</Filter>
    </ClInclude>
    <ClInclude Include="..\..\..\Framework\game_api\handler\order_handler.h">
      <Filter>handler</Filter>
    </ClInclude>
    <ClInclude Include="..\..\..\Framework\game_gate\clients\Clients.h">
      <Filter>internal\clients</Filter>
    </ClInclude>
    <ClInclude Include="..\..\..\Framework\game_gate\clients\Container.h">
      <Filter>internal\clients</Filter>
    </ClInclude>
    <ClInclude Include="..\..\..\Framework\game_api\rpc\client\RpcClients.h">
      <Filter>internal\rpc\client</Filter>
    </ClInclude>
    <ClInclude Include="..\..\..\Framework\game_api\rpc\client\RpcContainer.h">
      <Filter>internal\rpc\client</Filter>
    </ClInclude>
    <ClInclude Include="..\..\..\Framework\game_api\rpc\client\RpcService_c.h">
      <Filter>internal\rpc\client</Filter>
    </ClInclude>
    <ClInclude Include="..\..\..\Framework\game_gate\EntryPtr.h" />
    <ClInclude Include="..\..\..\Framework\game_gate\Entities.h" />
    <ClInclude Include="..\..\..\proto\Game.Rpc.pb.h">
      <Filter>pb</Filter>
    </ClInclude>
    <ClInclude Include="..\..\..\Framework\game_api\rpc\server\RpcService.h">
      <Filter>internal\rpc\server</Filter>
    </ClInclude>
    <ClInclude Include="..\..\..\proto\HallServer.Message.pb.h">
      <Filter>pb</Filter>
    </ClInclude>
    <ClInclude Include="..\..\..\public\errorCode.h">
      <Filter>public</Filter>
    </ClInclude>
    <ClInclude Include="..\..\..\public\gameConst.h">
      <Filter>public</Filter>
    </ClInclude>
    <ClInclude Include="..\..\..\public\Inc.h">
      <Filter>public</Filter>
    </ClInclude>
    <ClInclude Include="..\..\..\public\IncMuduo.h">
      <Filter>public</Filter>
    </ClInclude>
    <ClInclude Include="..\..\..\public\gameStruct.h">
      <Filter>public</Filter>
    </ClInclude>
    <ClInclude Include="..\..\..\public\RedisClient\RedisClient.h">
      <Filter>public\RedisClient</Filter>
    </ClInclude>
    <ClInclude Include="..\..\..\public\mgoKeys.h">
      <Filter>public\Database</Filter>
    </ClInclude>
    <ClInclude Include="..\..\..\public\mgoModel.h">
      <Filter>public\Database</Filter>
    </ClInclude>
    <ClInclude Include="..\..\..\public\mgoOperation.h">
      <Filter>public\Database</Filter>
    </ClInclude>
    <ClInclude Include="..\..\..\public\redisKeys.h">
      <Filter>public\Database</Filter>
    </ClInclude>
    <ClInclude Include="..\..\..\proto\table.pb.h">
      <Filter>pb</Filter>
    </ClInclude>
    <ClInclude Include="..\..\..\proto\user.pb.h">
      <Filter>pb</Filter>
    </ClInclude>
  </ItemGroup>
  <ItemGroup>
    <ClCompile Include="..\..\..\proto\Game.Common.pb.cc">
      <Filter>pb</Filter>
    </ClCompile>
    <ClCompile Include="..\..\..\Framework\game_api\Api.cc" />
    <ClCompile Include="..\..\..\Framework\game_api\main.cc" />
    <ClCompile Include="..\..\..\Framework\game_api\handler\ServList.cc">
      <Filter>handler</Filter>
    </ClCompile>
    <ClCompile Include="..\..\..\Framework\game_api\handler\order_handler.cc">
      <Filter>handler</Filter>
    </ClCompile>
    <ClCompile Include="..\..\..\Framework\game_api\handler\addscore_handler.cc">
      <Filter>handler</Filter>
    </ClCompile>
    <ClCompile Include="..\..\..\Framework\game_api\handler\subscore_handler.cc">
      <Filter>handler</Filter>
    </ClCompile>
    <ClCompile Include="..\..\..\Framework\game_gate\clients\Clients.cc">
      <Filter>internal\clients</Filter>
    </ClCompile>
    <ClCompile Include="..\..\..\Framework\game_gate\clients\Container.cc">
      <Filter>internal\clients</Filter>
    </ClCompile>
    <ClCompile Include="..\..\..\Framework\game_api\nodes\HttpServer.cc">
      <Filter>internal\nodes</Filter>
    </ClCompile>
    <ClCompile Include="..\..\..\Framework\game_api\nodes\WsServer.cc">
      <Filter>internal\nodes</Filter>
    </ClCompile>
    <ClCompile Include="..\..\..\Framework\game_api\rpc\client\RpcClients.cc">
      <Filter>internal\rpc\client</Filter>
    </ClCompile>
    <ClCompile Include="..\..\..\Framework\game_api\rpc\client\RpcContainer.cc">
      <Filter>internal\rpc\client</Filter>
    </ClCompile>
    <ClCompile Include="..\..\..\Framework\game_api\rpc\client\RpcService_c.cc">
      <Filter>internal\rpc\client</Filter>
    </ClCompile>
    <ClCompile Include="..\..\..\Framework\game_gate\EntryPtr.cc" />
    <ClCompile Include="..\..\..\proto\Game.Rpc.pb.cc">
      <Filter>pb</Filter>
    </ClCompile>
    <ClCompile Include="..\..\..\Framework\game_api\rpc\server\RpcService.cc">
      <Filter>internal\rpc\server</Filter>
    </ClCompile>
    <ClCompile Include="..\..\..\proto\HallServer.Message.pb.cc">
      <Filter>pb</Filter>
    </ClCompile>
    <ClCompile Include="..\..\..\public\RedisClient\RedisClient.cpp">
      <Filter>public\RedisClient</Filter>
    </ClCompile>
    <ClCompile Include="..\..\..\public\mgoKeys.cc">
      <Filter>public\Database</Filter>
    </ClCompile>
    <ClCompile Include="..\..\..\public\mgoModel.cc">
      <Filter>public\Database</Filter>
    </ClCompile>
    <ClCompile Include="..\..\..\public\mgoOperation.cc">
      <Filter>public\Database</Filter>
    </ClCompile>
    <ClCompile Include="..\..\..\public\redisKeys.cc">
      <Filter>public\Database</Filter>
    </ClCompile>
    <ClCompile Include="..\..\..\proto\table.pb.cc">
      <Filter>pb</Filter>
    </ClCompile>
    <ClCompile Include="..\..\..\proto\user.pb.cc">
      <Filter>pb</Filter>
    </ClCompile>
  </ItemGroup>
</Project>