<?xml version="1.0" encoding="utf-8"?>
<Project ToolsVersion="4.0" xmlns="http://schemas.microsoft.com/developer/msbuild/2003">
  <ItemGroup>
    <Filter Include="pb">
      <UniqueIdentifier>{dbe7505c-c190-438a-a9be-cbedb94f7eb8}</UniqueIdentifier>
    </Filter>
    <Filter Include="public">
      <UniqueIdentifier>{130bbfe6-f2a8-41c2-8af9-eb12ffecbbe4}</UniqueIdentifier>
    </Filter>
    <Filter Include="public\TraceMsg">
      <UniqueIdentifier>{40b1e615-4f00-4e2b-9fad-9ce611993e07}</UniqueIdentifier>
    </Filter>
    <Filter Include="public\zookeeperclient">
      <UniqueIdentifier>{6b5f973f-5934-4ac3-b8a6-0c4802ed2eba}</UniqueIdentifier>
    </Filter>
    <Filter Include="public\RedisClient">
      <UniqueIdentifier>{14a84c59-504d-4fe1-ad65-317e939c8df9}</UniqueIdentifier>
    </Filter>
    <Filter Include="public\RedisLock">
      <UniqueIdentifier>{d609d22f-045e-44c0-8bb6-f7ddc5ef3430}</UniqueIdentifier>
    </Filter>
    <Filter Include="public\MongoDB">
      <UniqueIdentifier>{a553fc8f-f2fc-4a3a-99e6-9e8ef8aacbf0}</UniqueIdentifier>
    </Filter>
    <Filter Include="internal">
      <UniqueIdentifier>{01b551a3-569e-494c-91a2-493d80b5668b}</UniqueIdentifier>
    </Filter>
    <Filter Include="internal\gate">
      <UniqueIdentifier>{5b35f191-fdca-4309-8932-f9d999af879a}</UniqueIdentifier>
    </Filter>
    <Filter Include="internal\nodes">
      <UniqueIdentifier>{60b00ba1-8650-44e8-a220-ad8f94ef952d}</UniqueIdentifier>
    </Filter>
    <Filter Include="internal\rpc">
      <UniqueIdentifier>{1d4a5954-1387-432b-99c6-1beb9e4a57c4}</UniqueIdentifier>
    </Filter>
    <Filter Include="public\Database">
      <UniqueIdentifier>{a6d66faf-e957-4f4e-aabd-881a54f75680}</UniqueIdentifier>
    </Filter>
    <Filter Include="handler">
      <UniqueIdentifier>{94a44213-2fdc-4977-9e85-c11b159a60bb}</UniqueIdentifier>
    </Filter>
  </ItemGroup>
  <ItemGroup>
    <ClInclude Include="..\..\..\proto\HallServer.Message.pb.h">
      <Filter>pb</Filter>
    </ClInclude>
    <ClInclude Include="..\..\..\proto\Game.Common.pb.h">
      <Filter>pb</Filter>
    </ClInclude>
    <ClInclude Include="..\..\..\Framework\game_api\GameDefine.h" />
    <ClInclude Include="..\..\..\Framework\game_api\Api.h" />
    <ClInclude Include="..\..\..\proto\ProxyServer.Message.pb.h">
      <Filter>pb</Filter>
    </ClInclude>
    <ClInclude Include="..\..\..\Framework\game_api\RpcContainer.h">
      <Filter>internal\rpc</Filter>
    </ClInclude>
    <ClInclude Include="..\..\..\Framework\game_api\RpcClients.h">
      <Filter>internal\rpc</Filter>
    </ClInclude>
    <ClInclude Include="..\..\..\Framework\game_api\RpcService.h">
      <Filter>internal\rpc</Filter>
    </ClInclude>
    <ClInclude Include="..\..\..\public\Inc.h">
      <Filter>public</Filter>
    </ClInclude>
    <ClInclude Include="..\..\..\public\IPFinder.h">
      <Filter>public</Filter>
    </ClInclude>
    <ClInclude Include="..\..\..\public\Packet.h">
      <Filter>public</Filter>
    </ClInclude>
    <ClInclude Include="..\..\..\public\TraceMsg\TraceMsg.h">
      <Filter>public\TraceMsg</Filter>
    </ClInclude>
    <ClInclude Include="..\..\..\public\zookeeperclient\zookeeperclient.h">
      <Filter>public\zookeeperclient</Filter>
    </ClInclude>
    <ClInclude Include="..\..\..\public\zookeeperclient\zookeeperclientutils.h">
      <Filter>public\zookeeperclient</Filter>
    </ClInclude>
    <ClInclude Include="..\..\..\public\zookeeperclient\zookeeperlocker.h">
      <Filter>public\zookeeperclient</Filter>
    </ClInclude>
    <ClInclude Include="..\..\..\public\zookeeperclient\zoo_lock.h">
      <Filter>public\zookeeperclient</Filter>
    </ClInclude>
    <ClInclude Include="..\..\..\public\RedisClient\RedisClient.h">
      <Filter>public\RedisClient</Filter>
    </ClInclude>
    <ClInclude Include="..\..\..\public\RedisLock\redlock.h">
      <Filter>public\RedisLock</Filter>
    </ClInclude>
    <ClInclude Include="..\..\..\public\MongoDB\MongoDBClient.h">
      <Filter>public\MongoDB</Filter>
    </ClInclude>
    <ClInclude Include="..\..\..\public\IncMuduo.h">
      <Filter>public</Filter>
    </ClInclude>
    <ClInclude Include="..\..\..\Framework\game_gate\Entities.h">
      <Filter>internal\gate</Filter>
    </ClInclude>
    <ClInclude Include="..\..\..\Framework\game_gate\Container.h">
      <Filter>internal\gate</Filter>
    </ClInclude>
    <ClInclude Include="..\..\..\Framework\game_gate\Clients.h">
      <Filter>internal\gate</Filter>
    </ClInclude>
    <ClInclude Include="..\..\..\Framework\game_gate\EntryPtr.h">
      <Filter>internal\gate</Filter>
    </ClInclude>
    <ClInclude Include="..\..\..\public\Response.h">
      <Filter>public</Filter>
    </ClInclude>
    <ClInclude Include="..\..\..\public\redisKeys.h">
      <Filter>public\Database</Filter>
    </ClInclude>
    <ClInclude Include="..\..\..\public\mgoOperation.h">
      <Filter>public\Database</Filter>
    </ClInclude>
    <ClInclude Include="..\..\..\public\mgoModel.h">
      <Filter>public\Database</Filter>
    </ClInclude>
    <ClInclude Include="..\..\..\public\mgoKeys.h">
      <Filter>public\Database</Filter>
    </ClInclude>
    <ClInclude Include="..\..\..\Framework\game_api\handler\GateServList.h">
      <Filter>handler</Filter>
    </ClInclude>
    <ClInclude Include="..\..\..\Framework\game_api\handler\order_handler.h">
      <Filter>handler</Filter>
    </ClInclude>
    <ClInclude Include="..\..\..\public\ErrorCode.h">
      <Filter>public</Filter>
    </ClInclude>
  </ItemGroup>
  <ItemGroup>
    <ClCompile Include="..\..\..\proto\HallServer.Message.pb.cc">
      <Filter>pb</Filter>
    </ClCompile>
    <ClCompile Include="..\..\..\proto\Game.Common.pb.cc">
      <Filter>pb</Filter>
    </ClCompile>
    <ClCompile Include="..\..\..\Framework\game_api\Api.cc" />
    <ClCompile Include="..\..\..\Framework\game_api\main.cc" />
    <ClCompile Include="..\..\..\proto\ProxyServer.Message.pb.cc">
      <Filter>pb</Filter>
    </ClCompile>
    <ClCompile Include="..\..\..\Framework\game_api\RpcContainer.cc">
      <Filter>internal\rpc</Filter>
    </ClCompile>
    <ClCompile Include="..\..\..\Framework\game_api\RpcClients.cc">
      <Filter>internal\rpc</Filter>
    </ClCompile>
    <ClCompile Include="..\..\..\Framework\game_api\RpcService.cc">
      <Filter>internal\rpc</Filter>
    </ClCompile>
    <ClCompile Include="..\..\..\public\IPFinder.cpp">
      <Filter>public</Filter>
    </ClCompile>
    <ClCompile Include="..\..\..\public\Packet.cc">
      <Filter>public</Filter>
    </ClCompile>
    <ClCompile Include="..\..\..\public\TraceMsg\GetTraceMsg.cc">
      <Filter>public\TraceMsg</Filter>
    </ClCompile>
    <ClCompile Include="..\..\..\public\zookeeperclient\zookeeperclient.cpp">
      <Filter>public\zookeeperclient</Filter>
    </ClCompile>
    <ClCompile Include="..\..\..\public\zookeeperclient\zookeeperclientutils.cpp">
      <Filter>public\zookeeperclient</Filter>
    </ClCompile>
    <ClCompile Include="..\..\..\public\zookeeperclient\zookeeperlocker.cpp">
      <Filter>public\zookeeperclient</Filter>
    </ClCompile>
    <ClCompile Include="..\..\..\public\zookeeperclient\zoo_lock.cc">
      <Filter>public\zookeeperclient</Filter>
    </ClCompile>
    <ClCompile Include="..\..\..\public\RedisClient\RedisClient.cpp">
      <Filter>public\RedisClient</Filter>
    </ClCompile>
    <ClCompile Include="..\..\..\public\RedisLock\redlock.cpp">
      <Filter>public\RedisLock</Filter>
    </ClCompile>
    <ClCompile Include="..\..\..\public\MongoDB\MongoDBClient.cpp">
      <Filter>public\MongoDB</Filter>
    </ClCompile>
    <ClCompile Include="..\..\..\Framework\game_gate\Container.cc">
      <Filter>internal\gate</Filter>
    </ClCompile>
    <ClCompile Include="..\..\..\Framework\game_gate\Clients.cc">
      <Filter>internal\gate</Filter>
    </ClCompile>
    <ClCompile Include="..\..\..\Framework\game_gate\EntryPtr.cc">
      <Filter>internal\gate</Filter>
    </ClCompile>
    <ClCompile Include="..\..\..\Framework\game_api\HttpServer.cc">
      <Filter>internal\nodes</Filter>
    </ClCompile>
    <ClCompile Include="..\..\..\Framework\game_api\WsServer.cc">
      <Filter>internal\nodes</Filter>
    </ClCompile>
    <ClCompile Include="..\..\..\public\Response.cc">
      <Filter>public</Filter>
    </ClCompile>
    <ClCompile Include="..\..\..\public\redisKeys.cc">
      <Filter>public\Database</Filter>
    </ClCompile>
    <ClCompile Include="..\..\..\public\mgoOperation.cc">
      <Filter>public\Database</Filter>
    </ClCompile>
    <ClCompile Include="..\..\..\public\mgoModel.cc">
      <Filter>public\Database</Filter>
    </ClCompile>
    <ClCompile Include="..\..\..\public\mgoKeys.cc">
      <Filter>public\Database</Filter>
    </ClCompile>
    <ClCompile Include="..\..\..\Framework\game_api\handler\GateServList.cc">
      <Filter>handler</Filter>
    </ClCompile>
    <ClCompile Include="..\..\..\Framework\game_api\handler\order_handler.cc">
      <Filter>handler</Filter>
    </ClCompile>
    <ClCompile Include="..\..\..\public\ErrorCode.cc">
      <Filter>public</Filter>
    </ClCompile>
  </ItemGroup>
</Project>