<?xml version="1.0" encoding="utf-8"?>
<Project ToolsVersion="4.0" xmlns="http://schemas.microsoft.com/developer/msbuild/2003">
  <ItemGroup>
    <Filter Include="pb">
      <UniqueIdentifier>{dbe7505c-c190-438a-a9be-cbedb94f7eb8}</UniqueIdentifier>
    </Filter>
    <Filter Include="internal">
      <UniqueIdentifier>{fd091365-9d18-4732-a68b-70c33485afdc}</UniqueIdentifier>
    </Filter>
    <Filter Include="internal\clients">
      <UniqueIdentifier>{fe08905e-5a65-4efe-a644-d6cd7994adec}</UniqueIdentifier>
    </Filter>
    <Filter Include="internal\rpc">
      <UniqueIdentifier>{7358bcc8-36cb-4362-84e0-af6931dcd619}</UniqueIdentifier>
    </Filter>
    <Filter Include="internal\rpc\client">
      <UniqueIdentifier>{2112fc3a-a80c-4dc6-b349-b384009458e2}</UniqueIdentifier>
    </Filter>
    <Filter Include="internal\rpc\server">
      <UniqueIdentifier>{10dfa835-e3f1-47ce-a338-984750af2a66}</UniqueIdentifier>
    </Filter>
    <Filter Include="internal\nodes">
      <UniqueIdentifier>{bda5abba-371a-4a89-a7e9-5818559f02ec}</UniqueIdentifier>
    </Filter>
    <Filter Include="public">
      <UniqueIdentifier>{16043dd1-3d0b-4d52-b99b-d71f7c93a405}</UniqueIdentifier>
    </Filter>
    <Filter Include="public\RedisClient">
      <UniqueIdentifier>{b24edd8c-d500-4a46-9d20-24bc08139602}</UniqueIdentifier>
    </Filter>
    <Filter Include="public\Database">
      <UniqueIdentifier>{de015e31-9e5d-4d1a-ab58-0e3d10a779c1}</UniqueIdentifier>
    </Filter>
  </ItemGroup>
  <ItemGroup>
    <ClInclude Include="..\..\..\proto\HallServer.Message.pb.h">
      <Filter>pb</Filter>
    </ClInclude>
    <ClInclude Include="..\..\..\proto\Game.Common.pb.h">
      <Filter>pb</Filter>
    </ClInclude>
    <ClInclude Include="..\..\..\Framework\game_hall\Hall.h" />
    <ClInclude Include="..\..\..\Framework\game_hall\rpc\client\RpcClients.h">
      <Filter>internal\rpc\client</Filter>
    </ClInclude>
    <ClInclude Include="..\..\..\Framework\game_hall\rpc\client\RpcContainer.h">
      <Filter>internal\rpc\client</Filter>
    </ClInclude>
    <ClInclude Include="..\..\..\Framework\game_hall\rpc\client\RpcService_c.h">
      <Filter>internal\rpc\client</Filter>
    </ClInclude>
    <ClInclude Include="..\..\..\Framework\game_hall\rpc\client\RoomNodes.h">
      <Filter>internal\rpc\client</Filter>
    </ClInclude>
    <ClInclude Include="..\..\..\proto\Game.Rpc.pb.h">
      <Filter>pb</Filter>
    </ClInclude>
    <ClInclude Include="..\..\..\proto\HallClubServer.Message.pb.h">
      <Filter>pb</Filter>
    </ClInclude>
    <ClInclude Include="..\..\..\proto\user.pb.h">
      <Filter>pb</Filter>
    </ClInclude>
    <ClInclude Include="..\..\..\proto\club.pb.h">
      <Filter>pb</Filter>
    </ClInclude>
    <ClInclude Include="..\..\..\proto\game.pb.h">
      <Filter>pb</Filter>
    </ClInclude>
    <ClInclude Include="..\..\..\proto\room.pb.h">
      <Filter>pb</Filter>
    </ClInclude>
    <ClInclude Include="..\..\..\proto\table.pb.h">
      <Filter>pb</Filter>
    </ClInclude>
    <ClInclude Include="..\..\..\public\errorCode.h">
      <Filter>public</Filter>
    </ClInclude>
    <ClInclude Include="..\..\..\public\gameConst.h">
      <Filter>public</Filter>
    </ClInclude>
    <ClInclude Include="..\..\..\public\Inc.h">
      <Filter>public</Filter>
    </ClInclude>
    <ClInclude Include="..\..\..\public\IncMuduo.h">
      <Filter>public</Filter>
    </ClInclude>
    <ClInclude Include="..\..\..\public\IPFinder.h">
      <Filter>public</Filter>
    </ClInclude>
    <ClInclude Include="..\..\..\public\Packet.h">
      <Filter>public</Filter>
    </ClInclude>
    <ClInclude Include="..\..\..\public\gameStruct.h">
      <Filter>public</Filter>
    </ClInclude>
    <ClInclude Include="..\..\..\public\response.h">
      <Filter>public</Filter>
    </ClInclude>
    <ClInclude Include="..\..\..\public\RedisClient\RedisClient.h">
      <Filter>public\RedisClient</Filter>
    </ClInclude>
    <ClInclude Include="..\..\..\public\mgoKeys.h">
      <Filter>public\Database</Filter>
    </ClInclude>
    <ClInclude Include="..\..\..\public\mgoModel.h">
      <Filter>public\Database</Filter>
    </ClInclude>
    <ClInclude Include="..\..\..\public\mgoOperation.h">
      <Filter>public\Database</Filter>
    </ClInclude>
    <ClInclude Include="..\..\..\public\redisKeys.h">
      <Filter>public\Database</Filter>
    </ClInclude>
  </ItemGroup>
  <ItemGroup>
    <ClCompile Include="..\..\..\proto\HallServer.Message.pb.cc">
      <Filter>pb</Filter>
    </ClCompile>
    <ClCompile Include="..\..\..\proto\Game.Common.pb.cc">
      <Filter>pb</Filter>
    </ClCompile>
    <ClCompile Include="..\..\..\Framework\game_hall\Hall.cc" />
    <ClCompile Include="..\..\..\Framework\game_hall\main.cc" />
    <ClCompile Include="..\..\..\Framework\game_hall\rpc\client\RpcClients.cc">
      <Filter>internal\rpc\client</Filter>
    </ClCompile>
    <ClCompile Include="..\..\..\Framework\game_hall\rpc\client\RpcContainer.cc">
      <Filter>internal\rpc\client</Filter>
    </ClCompile>
    <ClCompile Include="..\..\..\Framework\game_hall\rpc\client\RpcService_c.cc">
      <Filter>internal\rpc\client</Filter>
    </ClCompile>
    <ClCompile Include="..\..\..\Framework\game_hall\rpc\client\RoomNodes.cc">
      <Filter>internal\rpc\client</Filter>
    </ClCompile>
    <ClCompile Include="..\..\..\proto\Game.Rpc.pb.cc">
      <Filter>pb</Filter>
    </ClCompile>
    <ClCompile Include="..\..\..\proto\HallClubServer.Message.pb.cc">
      <Filter>pb</Filter>
    </ClCompile>
    <ClCompile Include="..\..\..\proto\user.pb.cc">
      <Filter>pb</Filter>
    </ClCompile>
    <ClCompile Include="..\..\..\proto\club.pb.cc">
      <Filter>pb</Filter>
    </ClCompile>
    <ClCompile Include="..\..\..\proto\game.pb.cc">
      <Filter>pb</Filter>
    </ClCompile>
    <ClCompile Include="..\..\..\proto\room.pb.cc">
      <Filter>pb</Filter>
    </ClCompile>
    <ClCompile Include="..\..\..\proto\table.pb.cc">
      <Filter>pb</Filter>
    </ClCompile>
    <ClCompile Include="..\..\..\public\IPFinder.cpp">
      <Filter>public</Filter>
    </ClCompile>
    <ClCompile Include="..\..\..\public\Packet.cc">
      <Filter>public</Filter>
    </ClCompile>
    <ClCompile Include="..\..\..\public\response.cc">
      <Filter>public</Filter>
    </ClCompile>
    <ClCompile Include="..\..\..\public\RedisClient\RedisClient.cpp">
      <Filter>public\RedisClient</Filter>
    </ClCompile>
    <ClCompile Include="..\..\..\public\mgoKeys.cc">
      <Filter>public\Database</Filter>
    </ClCompile>
    <ClCompile Include="..\..\..\public\mgoModel.cc">
      <Filter>public\Database</Filter>
    </ClCompile>
    <ClCompile Include="..\..\..\public\mgoOperation.cc">
      <Filter>public\Database</Filter>
    </ClCompile>
    <ClCompile Include="..\..\..\public\redisKeys.cc">
      <Filter>public\Database</Filter>
    </ClCompile>
  </ItemGroup>
</Project>