<?xml version="1.0" encoding="utf-8"?>
<Project ToolsVersion="4.0" xmlns="http://schemas.microsoft.com/developer/msbuild/2003">
  <ItemGroup>
    <ClInclude Include="..\..\..\thirdpart\Logger\src\Macro.h" />
    <ClInclude Include="..\..\..\thirdpart\Logger\src\atomic\Atomic.h">
      <Filter>src\atomic</Filter>
    </ClInclude>
    <ClInclude Include="..\..\..\thirdpart\Logger\src\auth\auth.h">
      <Filter>src\auth</Filter>
    </ClInclude>
    <ClInclude Include="..\..\..\thirdpart\Logger\src\excp\excp.h">
      <Filter>src\excp</Filter>
    </ClInclude>
    <ClInclude Include="..\..\..\thirdpart\Logger\src\excp\impl\excpImpl.h">
      <Filter>src\excp\impl</Filter>
    </ClInclude>
    <ClInclude Include="..\..\..\thirdpart\Logger\src\log\Logger.h">
      <Filter>src\log</Filter>
    </ClInclude>
    <ClInclude Include="..\..\..\thirdpart\Logger\src\log\impl\LoggerImpl.h">
      <Filter>src\log\impl</Filter>
    </ClInclude>
    <ClInclude Include="..\..\..\thirdpart\Logger\src\timer\timer.h">
      <Filter>src\timer</Filter>
    </ClInclude>
    <ClInclude Include="..\..\..\thirdpart\Logger\src\utils\utils.h">
      <Filter>src\utils</Filter>
    </ClInclude>
    <ClInclude Include="..\..\..\thirdpart\Logger\src\utils\impl\backtrace.h">
      <Filter>src\utils\impl</Filter>
    </ClInclude>
    <ClInclude Include="..\..\..\thirdpart\Logger\src\utils\impl\Console.h">
      <Filter>src\utils\impl</Filter>
    </ClInclude>
    <ClInclude Include="..\..\..\thirdpart\Logger\src\utils\impl\gettimeofday.h">
      <Filter>src\utils\impl</Filter>
    </ClInclude>
    <ClInclude Include="..\..\..\thirdpart\Logger\src\utils\impl\utilsImpl.h">
      <Filter>src\utils\impl</Filter>
    </ClInclude>
    <ClInclude Include="..\..\..\thirdpart\Logger\src\utils\MemTrack.h">
      <Filter>src\utils</Filter>
    </ClInclude>
    <ClInclude Include="..\..\..\thirdpart\Logger\src\utils\impl\Privilege.h">
      <Filter>src\utils\impl</Filter>
    </ClInclude>
    <ClInclude Include="..\..\..\thirdpart\Logger\src\utils\impl\regedt32.h">
      <Filter>src\utils\impl</Filter>
    </ClInclude>
    <ClInclude Include="..\..\..\thirdpart\Logger\src\op\IOperation.h">
      <Filter>src\op</Filter>
    </ClInclude>
    <ClInclude Include="..\..\..\thirdpart\Logger\src\op\Operation.h">
      <Filter>src\op</Filter>
    </ClInclude>
    <ClInclude Include="..\..\..\thirdpart\Logger\src\op\mem\Mem.h">
      <Filter>src\op\mem</Filter>
    </ClInclude>
    <ClInclude Include="..\..\..\thirdpart\Logger\src\op\mem\impl\MemImpl.h">
      <Filter>src\op\mem\impl</Filter>
    </ClInclude>
    <ClInclude Include="..\..\..\thirdpart\Logger\src\op\file\File.h">
      <Filter>src\op\file</Filter>
    </ClInclude>
    <ClInclude Include="..\..\..\thirdpart\Logger\src\op\file\impl\FileImpl.h">
      <Filter>src\op\file\impl</Filter>
    </ClInclude>
    <ClInclude Include="..\..\..\thirdpart\Logger\src\ini\ini.h">
      <Filter>src\ini</Filter>
    </ClInclude>
    <ClInclude Include="..\..\..\thirdpart\Logger\src\ini\impl\iniImpl.h">
      <Filter>src\ini\impl</Filter>
    </ClInclude>
    <ClInclude Include="..\..\..\thirdpart\Logger\src\log\impl\color_linux.h">
      <Filter>src\log\impl</Filter>
    </ClInclude>
    <ClInclude Include="..\..\..\thirdpart\Logger\src\log\impl\color_win.h">
      <Filter>src\log\impl</Filter>
    </ClInclude>
    <ClInclude Include="..\..\..\thirdpart\Logger\src\log\impl\color.h">
      <Filter>src\log\impl</Filter>
    </ClInclude>
  </ItemGroup>
  <ItemGroup>
    <Filter Include="src">
      <UniqueIdentifier>{a86945f9-2add-4645-aec9-f70fcf5da2e4}</UniqueIdentifier>
    </Filter>
    <Filter Include="src\atomic">
      <UniqueIdentifier>{cae21b93-06f8-48c2-9818-18c84728cf9c}</UniqueIdentifier>
    </Filter>
    <Filter Include="src\auth">
      <UniqueIdentifier>{182a9713-724a-4989-9b22-37c6a389b197}</UniqueIdentifier>
    </Filter>
    <Filter Include="src\excp">
      <UniqueIdentifier>{90b7af52-5471-4786-b66d-e061caa06814}</UniqueIdentifier>
    </Filter>
    <Filter Include="src\excp\impl">
      <UniqueIdentifier>{a9f981f4-2e50-467d-a81c-9fd9a1a9d8a5}</UniqueIdentifier>
    </Filter>
    <Filter Include="src\log">
      <UniqueIdentifier>{d5cbe12a-a327-490f-b012-fad89a10c07a}</UniqueIdentifier>
    </Filter>
    <Filter Include="src\log\impl">
      <UniqueIdentifier>{496b334e-5603-4545-98af-c574f49475cf}</UniqueIdentifier>
    </Filter>
    <Filter Include="src\timer">
      <UniqueIdentifier>{d632ba31-01eb-4b56-92b0-93fdb6888159}</UniqueIdentifier>
    </Filter>
    <Filter Include="src\utils">
      <UniqueIdentifier>{cedd8789-ca88-41fe-a9ab-372f8a68c1e4}</UniqueIdentifier>
    </Filter>
    <Filter Include="src\utils\impl">
      <UniqueIdentifier>{63fcfbe7-af42-4bfd-8438-7b79641730e1}</UniqueIdentifier>
    </Filter>
    <Filter Include="src\op">
      <UniqueIdentifier>{b23f21be-1863-4d5f-aee2-450293649b67}</UniqueIdentifier>
    </Filter>
    <Filter Include="src\op\file">
      <UniqueIdentifier>{56acf2b3-7d22-4ef1-9bbe-b86293a572e5}</UniqueIdentifier>
    </Filter>
    <Filter Include="src\op\impl">
      <UniqueIdentifier>{dacc767f-96fc-4512-9e93-50c500e7b2eb}</UniqueIdentifier>
    </Filter>
    <Filter Include="src\op\mem">
      <UniqueIdentifier>{8f995529-43b3-4ab1-ac77-982c88fc6b0d}</UniqueIdentifier>
    </Filter>
    <Filter Include="src\op\mem\impl">
      <UniqueIdentifier>{081319f7-c03b-4d2b-9e40-b6c81cb23b6b}</UniqueIdentifier>
    </Filter>
    <Filter Include="src\op\file\impl">
      <UniqueIdentifier>{d367e0a4-980c-4e9c-9f24-61f91aae4856}</UniqueIdentifier>
    </Filter>
    <Filter Include="src\ini">
      <UniqueIdentifier>{f7e96968-b0ec-41fa-926d-8f04075e2e02}</UniqueIdentifier>
    </Filter>
    <Filter Include="src\ini\impl">
      <UniqueIdentifier>{10dc40b7-4cda-4195-8b42-e97b29fddcfe}</UniqueIdentifier>
    </Filter>
  </ItemGroup>
  <ItemGroup>
    <ClCompile Include="..\..\..\thirdpart\Logger\src\auth\auth.cpp">
      <Filter>src\auth</Filter>
    </ClCompile>
    <ClCompile Include="..\..\..\thirdpart\Logger\src\log\impl\Logger.cpp">
      <Filter>src\log\impl</Filter>
    </ClCompile>
    <ClCompile Include="..\..\..\thirdpart\Logger\src\log\impl\LoggerImpl.cpp">
      <Filter>src\log\impl</Filter>
    </ClCompile>
    <ClCompile Include="..\..\..\thirdpart\Logger\src\timer\timer.cpp">
      <Filter>src\timer</Filter>
    </ClCompile>
    <ClCompile Include="..\..\..\thirdpart\Logger\src\utils\impl\backtrace.cpp">
      <Filter>src\utils\impl</Filter>
    </ClCompile>
    <ClCompile Include="..\..\..\thirdpart\Logger\src\utils\impl\Console.cpp">
      <Filter>src\utils\impl</Filter>
    </ClCompile>
    <ClCompile Include="..\..\..\thirdpart\Logger\src\utils\impl\gettimeofday.cpp">
      <Filter>src\utils\impl</Filter>
    </ClCompile>
    <ClCompile Include="..\..\..\thirdpart\Logger\src\utils\impl\MemTrack.cpp">
      <Filter>src\utils\impl</Filter>
    </ClCompile>
    <ClCompile Include="..\..\..\thirdpart\Logger\src\utils\impl\utils.cpp">
      <Filter>src\utils\impl</Filter>
    </ClCompile>
    <ClCompile Include="..\..\..\thirdpart\Logger\src\utils\impl\utilsImpl.cpp">
      <Filter>src\utils\impl</Filter>
    </ClCompile>
    <ClCompile Include="..\..\..\thirdpart\Logger\src\utils\impl\regedt32.cpp">
      <Filter>src\utils\impl</Filter>
    </ClCompile>
    <ClCompile Include="..\..\..\thirdpart\Logger\src\utils\impl\Privilege.cpp">
      <Filter>src\utils\impl</Filter>
    </ClCompile>
    <ClCompile Include="..\..\..\thirdpart\Logger\src\op\mem\impl\Mem.cpp">
      <Filter>src\op\mem\impl</Filter>
    </ClCompile>
    <ClCompile Include="..\..\..\thirdpart\Logger\src\op\mem\impl\MemImpl.cpp">
      <Filter>src\op\mem\impl</Filter>
    </ClCompile>
    <ClCompile Include="..\..\..\thirdpart\Logger\src\op\impl\Operation.cpp">
      <Filter>src\op\impl</Filter>
    </ClCompile>
    <ClCompile Include="..\..\..\thirdpart\Logger\src\op\file\impl\File.cpp">
      <Filter>src\op\file\impl</Filter>
    </ClCompile>
    <ClCompile Include="..\..\..\thirdpart\Logger\src\op\file\impl\FileImpl.cpp">
      <Filter>src\op\file\impl</Filter>
    </ClCompile>
    <ClCompile Include="..\..\..\thirdpart\Logger\src\ini\impl\ini.cpp">
      <Filter>src\ini\impl</Filter>
    </ClCompile>
    <ClCompile Include="..\..\..\thirdpart\Logger\src\ini\impl\iniImpl.cpp">
      <Filter>src\ini\impl</Filter>
    </ClCompile>
    <ClCompile Include="..\..\..\thirdpart\Logger\src\log\impl\color_linux.cc">
      <Filter>src\log\impl</Filter>
    </ClCompile>
  </ItemGroup>
</Project>