<?xml version="1.0" encoding="utf-8"?>
<Project ToolsVersion="4.0" xmlns="http://schemas.microsoft.com/developer/msbuild/2003">
  <ItemGroup>
    <Filter Include="pb">
      <UniqueIdentifier>{dbe7505c-c190-438a-a9be-cbedb94f7eb8}</UniqueIdentifier>
    </Filter>
    <Filter Include="interface">
      <UniqueIdentifier>{e84d2475-d997-4b8c-9294-1b2d896bdfbf}</UniqueIdentifier>
    </Filter>
    <Filter Include="interface\impl">
      <UniqueIdentifier>{2cf01be0-1bba-42b7-9263-ad37b0c2e078}</UniqueIdentifier>
    </Filter>
    <Filter Include="public">
      <UniqueIdentifier>{49975be1-577c-4eb2-ac2b-74c884f96380}</UniqueIdentifier>
    </Filter>
    <Filter Include="public\RedisClient">
      <UniqueIdentifier>{18a97fd8-b1da-4143-aacf-c0fa4771d769}</UniqueIdentifier>
    </Filter>
    <Filter Include="public\Database">
      <UniqueIdentifier>{5154a998-b65f-4260-8a4b-671bd397a9b9}</UniqueIdentifier>
    </Filter>
    <Filter Include="rpc">
      <UniqueIdentifier>{9b21110b-3480-46c7-bab4-ef34e8e58ebb}</UniqueIdentifier>
    </Filter>
    <Filter Include="rpc\client">
      <UniqueIdentifier>{157b541f-c299-4b75-860b-a501c32af6f2}</UniqueIdentifier>
    </Filter>
    <Filter Include="rpc\server">
      <UniqueIdentifier>{67ad1d06-a148-4bf8-9da7-10d4e4f2c72a}</UniqueIdentifier>
    </Filter>
  </ItemGroup>
  <ItemGroup>
    <ClInclude Include="..\..\..\proto\HallServer.Message.pb.h">
      <Filter>pb</Filter>
    </ClInclude>
    <ClInclude Include="..\..\..\proto\Game.Common.pb.h">
      <Filter>pb</Filter>
    </ClInclude>
    <ClInclude Include="..\..\..\proto\GameServer.Message.pb.h">
      <Filter>pb</Filter>
    </ClInclude>
    <ClInclude Include="..\..\..\Framework\game_serv_club\Game.h" />
    <ClInclude Include="..\..\..\Framework\game_serv_club\interface\IPlayer.h">
      <Filter>interface</Filter>
    </ClInclude>
    <ClInclude Include="..\..\..\Framework\game_serv_club\interface\IReplayRecord.h">
      <Filter>interface</Filter>
    </ClInclude>
    <ClInclude Include="..\..\..\Framework\game_serv_club\interface\IRobotDelegate.h">
      <Filter>interface</Filter>
    </ClInclude>
    <ClInclude Include="..\..\..\Framework\game_serv_club\interface\ITable.h">
      <Filter>interface</Filter>
    </ClInclude>
    <ClInclude Include="..\..\..\Framework\game_serv_club\interface\ITableContext.h">
      <Filter>interface</Filter>
    </ClInclude>
    <ClInclude Include="..\..\..\Framework\game_serv_club\interface\ITableDelegate.h">
      <Filter>interface</Filter>
    </ClInclude>
    <ClInclude Include="..\..\..\Framework\game_serv_club\interface\impl\Robot.h">
      <Filter>interface\impl</Filter>
    </ClInclude>
    <ClInclude Include="..\..\..\Framework\game_serv_club\interface\impl\RobotMgr.h">
      <Filter>interface\impl</Filter>
    </ClInclude>
    <ClInclude Include="..\..\..\Framework\game_serv_club\interface\impl\Table.h">
      <Filter>interface\impl</Filter>
    </ClInclude>
    <ClInclude Include="..\..\..\Framework\game_serv_club\interface\impl\TableMgr.h">
      <Filter>interface\impl</Filter>
    </ClInclude>
    <ClInclude Include="..\..\..\Framework\game_serv_club\interface\impl\Player.h">
      <Filter>interface\impl</Filter>
    </ClInclude>
    <ClInclude Include="..\..\..\Framework\game_serv_club\interface\impl\PlayerMgr.h">
      <Filter>interface\impl</Filter>
    </ClInclude>
    <ClInclude Include="..\..\..\public\Inc.h">
      <Filter>public</Filter>
    </ClInclude>
    <ClInclude Include="..\..\..\public\IPFinder.h">
      <Filter>public</Filter>
    </ClInclude>
    <ClInclude Include="..\..\..\public\Packet.h">
      <Filter>public</Filter>
    </ClInclude>
    <ClInclude Include="..\..\..\public\RedisClient\RedisClient.h">
      <Filter>public\RedisClient</Filter>
    </ClInclude>
    <ClInclude Include="..\..\..\public\IncMuduo.h">
      <Filter>public</Filter>
    </ClInclude>
    <ClInclude Include="..\..\..\public\mgoKeys.h">
      <Filter>public\Database</Filter>
    </ClInclude>
    <ClInclude Include="..\..\..\public\mgoModel.h">
      <Filter>public\Database</Filter>
    </ClInclude>
    <ClInclude Include="..\..\..\public\mgoOperation.h">
      <Filter>public\Database</Filter>
    </ClInclude>
    <ClInclude Include="..\..\..\public\redisKeys.h">
      <Filter>public\Database</Filter>
    </ClInclude>
    <ClInclude Include="..\..\..\public\gameStruct.h">
      <Filter>public</Filter>
    </ClInclude>
    <ClInclude Include="..\..\..\public\gameConst.h">
      <Filter>public</Filter>
    </ClInclude>
    <ClInclude Include="..\..\..\public\errorCode.h">
      <Filter>public</Filter>
    </ClInclude>
    <ClInclude Include="..\..\..\public\response.h">
      <Filter>public</Filter>
    </ClInclude>
    <ClInclude Include="..\..\..\Framework\game_serv_club\rpc\server\RpcService.h">
      <Filter>rpc\server</Filter>
    </ClInclude>
    <ClInclude Include="..\..\..\proto\Game.Rpc.pb.h">
      <Filter>pb</Filter>
    </ClInclude>
    <ClInclude Include="..\..\..\proto\GameClubServer.Message.pb.h">
      <Filter>pb</Filter>
    </ClInclude>
    <ClInclude Include="..\..\..\proto\table.pb.h">
      <Filter>pb</Filter>
    </ClInclude>
    <ClInclude Include="..\..\..\proto\user.pb.h">
      <Filter>pb</Filter>
    </ClInclude>
    <ClInclude Include="..\..\..\Framework\game_serv_club\interface\impl\TableThread.h">
      <Filter>interface\impl</Filter>
    </ClInclude>
  </ItemGroup>
  <ItemGroup>
    <ClCompile Include="..\..\..\proto\HallServer.Message.pb.cc">
      <Filter>pb</Filter>
    </ClCompile>
    <ClCompile Include="..\..\..\proto\Game.Common.pb.cc">
      <Filter>pb</Filter>
    </ClCompile>
    <ClCompile Include="..\..\..\proto\GameServer.Message.pb.cc">
      <Filter>pb</Filter>
    </ClCompile>
    <ClCompile Include="..\..\..\Framework\game_serv_club\Game.cc" />
    <ClCompile Include="..\..\..\Framework\game_serv_club\main.cc" />
    <ClCompile Include="..\..\..\Framework\game_serv_club\interface\impl\RobotMgr.cc">
      <Filter>interface\impl</Filter>
    </ClCompile>
    <ClCompile Include="..\..\..\Framework\game_serv_club\interface\impl\Table.cc">
      <Filter>interface\impl</Filter>
    </ClCompile>
    <ClCompile Include="..\..\..\Framework\game_serv_club\interface\impl\TableMgr.cc">
      <Filter>interface\impl</Filter>
    </ClCompile>
    <ClCompile Include="..\..\..\Framework\game_serv_club\interface\impl\Player.cc">
      <Filter>interface\impl</Filter>
    </ClCompile>
    <ClCompile Include="..\..\..\Framework\game_serv_club\interface\impl\PlayerMgr.cc">
      <Filter>interface\impl</Filter>
    </ClCompile>
    <ClCompile Include="..\..\..\Framework\game_serv_club\interface\impl\Robot.cc">
      <Filter>interface\impl</Filter>
    </ClCompile>
    <ClCompile Include="..\..\..\public\IPFinder.cpp">
      <Filter>public</Filter>
    </ClCompile>
    <ClCompile Include="..\..\..\public\Packet.cc">
      <Filter>public</Filter>
    </ClCompile>
    <ClCompile Include="..\..\..\public\RedisClient\RedisClient.cpp">
      <Filter>public\RedisClient</Filter>
    </ClCompile>
    <ClCompile Include="..\..\..\public\mgoKeys.cc">
      <Filter>public\Database</Filter>
    </ClCompile>
    <ClCompile Include="..\..\..\public\mgoModel.cc">
      <Filter>public\Database</Filter>
    </ClCompile>
    <ClCompile Include="..\..\..\public\mgoOperation.cc">
      <Filter>public\Database</Filter>
    </ClCompile>
    <ClCompile Include="..\..\..\public\redisKeys.cc">
      <Filter>public\Database</Filter>
    </ClCompile>
    <ClCompile Include="..\..\..\public\response.cc">
      <Filter>public</Filter>
    </ClCompile>
    <ClCompile Include="..\..\..\Framework\game_serv_club\rpc\server\RpcService.cc">
      <Filter>rpc\server</Filter>
    </ClCompile>
    <ClCompile Include="..\..\..\proto\Game.Rpc.pb.cc">
      <Filter>pb</Filter>
    </ClCompile>
    <ClCompile Include="..\..\..\proto\GameClubServer.Message.pb.cc">
      <Filter>pb</Filter>
    </ClCompile>
    <ClCompile Include="..\..\..\proto\table.pb.cc">
      <Filter>pb</Filter>
    </ClCompile>
    <ClCompile Include="..\..\..\proto\user.pb.cc">
      <Filter>pb</Filter>
    </ClCompile>
    <ClCompile Include="..\..\..\Framework\game_serv_club\interface\impl\TableThread.cc">
      <Filter>interface\impl</Filter>
    </ClCompile>
  </ItemGroup>
</Project>