<?xml version="1.0" encoding="utf-8"?>
<Project ToolsVersion="4.0" xmlns="http://schemas.microsoft.com/developer/msbuild/2003">
  <ItemGroup>
    <Filter Include="pb">
      <UniqueIdentifier>{dbe7505c-c190-438a-a9be-cbedb94f7eb8}</UniqueIdentifier>
    </Filter>
    <Filter Include="interface">
      <UniqueIdentifier>{e84d2475-d997-4b8c-9294-1b2d896bdfbf}</UniqueIdentifier>
    </Filter>
    <Filter Include="interface\impl">
      <UniqueIdentifier>{2cf01be0-1bba-42b7-9263-ad37b0c2e078}</UniqueIdentifier>
    </Filter>
    <Filter Include="public">
      <UniqueIdentifier>{49975be1-577c-4eb2-ac2b-74c884f96380}</UniqueIdentifier>
    </Filter>
    <Filter Include="public\TraceMsg">
      <UniqueIdentifier>{ad5ed97f-682e-4842-a8b2-1ea5f7bb80fb}</UniqueIdentifier>
    </Filter>
    <Filter Include="public\zookeeperclient">
      <UniqueIdentifier>{c13fab8a-6b22-4300-9f27-adcdd1b8747d}</UniqueIdentifier>
    </Filter>
    <Filter Include="public\RedisClient">
      <UniqueIdentifier>{18a97fd8-b1da-4143-aacf-c0fa4771d769}</UniqueIdentifier>
    </Filter>
    <Filter Include="public\RedisLock">
      <UniqueIdentifier>{0811c72b-1996-426f-bcf7-d891b05619f0}</UniqueIdentifier>
    </Filter>
    <Filter Include="public\MongoDB">
      <UniqueIdentifier>{ad00e382-a5a7-4d7a-bd56-593c44f9dc18}</UniqueIdentifier>
    </Filter>
  </ItemGroup>
  <ItemGroup>
    <ClInclude Include="..\..\..\proto\HallServer.Message.pb.h">
      <Filter>pb</Filter>
    </ClInclude>
    <ClInclude Include="..\..\..\proto\Game.Common.pb.h">
      <Filter>pb</Filter>
    </ClInclude>
    <ClInclude Include="..\..\..\proto\GameServer.Message.pb.h">
      <Filter>pb</Filter>
    </ClInclude>
    <ClInclude Include="..\..\..\Framework\game_serv_club\Game.h" />
    <ClInclude Include="..\..\..\Framework\game_serv_club\gameDefine.h" />
    <ClInclude Include="..\..\..\Framework\game_serv_club\interface\IPlayer.h">
      <Filter>interface</Filter>
    </ClInclude>
    <ClInclude Include="..\..\..\Framework\game_serv_club\interface\IReplayRecord.h">
      <Filter>interface</Filter>
    </ClInclude>
    <ClInclude Include="..\..\..\Framework\game_serv_club\interface\IRobotDelegate.h">
      <Filter>interface</Filter>
    </ClInclude>
    <ClInclude Include="..\..\..\Framework\game_serv_club\interface\ITable.h">
      <Filter>interface</Filter>
    </ClInclude>
    <ClInclude Include="..\..\..\Framework\game_serv_club\interface\ITableContext.h">
      <Filter>interface</Filter>
    </ClInclude>
    <ClInclude Include="..\..\..\Framework\game_serv_club\interface\ITableDelegate.h">
      <Filter>interface</Filter>
    </ClInclude>
    <ClInclude Include="..\..\..\Framework\game_serv_club\interface\impl\Robot.h">
      <Filter>interface\impl</Filter>
    </ClInclude>
    <ClInclude Include="..\..\..\Framework\game_serv_club\interface\impl\RobotMgr.h">
      <Filter>interface\impl</Filter>
    </ClInclude>
    <ClInclude Include="..\..\..\Framework\game_serv_club\interface\impl\Table.h">
      <Filter>interface\impl</Filter>
    </ClInclude>
    <ClInclude Include="..\..\..\Framework\game_serv_club\interface\impl\TableMgr.h">
      <Filter>interface\impl</Filter>
    </ClInclude>
    <ClInclude Include="..\..\..\Framework\game_serv_club\interface\impl\Player.h">
      <Filter>interface\impl</Filter>
    </ClInclude>
    <ClInclude Include="..\..\..\Framework\game_serv_club\interface\impl\PlayerMgr.h">
      <Filter>interface\impl</Filter>
    </ClInclude>
    <ClInclude Include="..\..\..\public\Inc.h">
      <Filter>public</Filter>
    </ClInclude>
    <ClInclude Include="..\..\..\public\IPFinder.h">
      <Filter>public</Filter>
    </ClInclude>
    <ClInclude Include="..\..\..\public\Packet.h">
      <Filter>public</Filter>
    </ClInclude>
    <ClInclude Include="..\..\..\public\TraceMsg\TraceMsg.h">
      <Filter>public\TraceMsg</Filter>
    </ClInclude>
    <ClInclude Include="..\..\..\public\zookeeperclient\zookeeperclient.h">
      <Filter>public\zookeeperclient</Filter>
    </ClInclude>
    <ClInclude Include="..\..\..\public\zookeeperclient\zookeeperclientutils.h">
      <Filter>public\zookeeperclient</Filter>
    </ClInclude>
    <ClInclude Include="..\..\..\public\zookeeperclient\zookeeperlocker.h">
      <Filter>public\zookeeperclient</Filter>
    </ClInclude>
    <ClInclude Include="..\..\..\public\zookeeperclient\zoo_lock.h">
      <Filter>public\zookeeperclient</Filter>
    </ClInclude>
    <ClInclude Include="..\..\..\public\RedisClient\RedisClient.h">
      <Filter>public\RedisClient</Filter>
    </ClInclude>
    <ClInclude Include="..\..\..\public\RedisLock\redlock.h">
      <Filter>public\RedisLock</Filter>
    </ClInclude>
    <ClInclude Include="..\..\..\public\MongoDB\MongoDBClient.h">
      <Filter>public\MongoDB</Filter>
    </ClInclude>
    <ClInclude Include="..\..\..\public\IncMuduo.h">
      <Filter>public</Filter>
    </ClInclude>
  </ItemGroup>
  <ItemGroup>
    <ClCompile Include="..\..\..\proto\HallServer.Message.pb.cc">
      <Filter>pb</Filter>
    </ClCompile>
    <ClCompile Include="..\..\..\proto\Game.Common.pb.cc">
      <Filter>pb</Filter>
    </ClCompile>
    <ClCompile Include="..\..\..\proto\GameServer.Message.pb.cc">
      <Filter>pb</Filter>
    </ClCompile>
    <ClCompile Include="..\..\..\Framework\game_serv_club\Game.cc" />
    <ClCompile Include="..\..\..\Framework\game_serv_club\main.cc" />
    <ClCompile Include="..\..\..\Framework\game_serv_club\interface\impl\RobotMgr.cc">
      <Filter>interface\impl</Filter>
    </ClCompile>
    <ClCompile Include="..\..\..\Framework\game_serv_club\interface\impl\Table.cc">
      <Filter>interface\impl</Filter>
    </ClCompile>
    <ClCompile Include="..\..\..\Framework\game_serv_club\interface\impl\TableMgr.cc">
      <Filter>interface\impl</Filter>
    </ClCompile>
    <ClCompile Include="..\..\..\Framework\game_serv_club\interface\impl\Player.cc">
      <Filter>interface\impl</Filter>
    </ClCompile>
    <ClCompile Include="..\..\..\Framework\game_serv_club\interface\impl\PlayerMgr.cc">
      <Filter>interface\impl</Filter>
    </ClCompile>
    <ClCompile Include="..\..\..\Framework\game_serv_club\interface\impl\Robot.cc">
      <Filter>interface\impl</Filter>
    </ClCompile>
    <ClCompile Include="..\..\..\public\IPFinder.cpp">
      <Filter>public</Filter>
    </ClCompile>
    <ClCompile Include="..\..\..\public\Packet.cc">
      <Filter>public</Filter>
    </ClCompile>
    <ClCompile Include="..\..\..\public\TraceMsg\GetTraceMsg.cc">
      <Filter>public\TraceMsg</Filter>
    </ClCompile>
    <ClCompile Include="..\..\..\public\zookeeperclient\zookeeperclient.cpp">
      <Filter>public\zookeeperclient</Filter>
    </ClCompile>
    <ClCompile Include="..\..\..\public\zookeeperclient\zookeeperclientutils.cpp">
      <Filter>public\zookeeperclient</Filter>
    </ClCompile>
    <ClCompile Include="..\..\..\public\zookeeperclient\zookeeperlocker.cpp">
      <Filter>public\zookeeperclient</Filter>
    </ClCompile>
    <ClCompile Include="..\..\..\public\zookeeperclient\zoo_lock.cc">
      <Filter>public\zookeeperclient</Filter>
    </ClCompile>
    <ClCompile Include="..\..\..\public\RedisClient\RedisClient.cpp">
      <Filter>public\RedisClient</Filter>
    </ClCompile>
    <ClCompile Include="..\..\..\public\RedisLock\redlock.cpp">
      <Filter>public\RedisLock</Filter>
    </ClCompile>
    <ClCompile Include="..\..\..\public\MongoDB\MongoDBClient.cpp">
      <Filter>public\MongoDB</Filter>
    </ClCompile>
  </ItemGroup>
</Project>